// !$*UTF8*$!
{
	archiveVersion = 1;
	classes = {
	};
	objectVersion = 56;
	objects = {

/* Begin PBXBuildFile section */
		C64292A32C82B68F0073156A /* FavoriteButton.swift in Sources */ = {isa = PBXBuildFile; fileRef = C64292A22C82B68F0073156A /* FavoriteButton.swift */; };
		C644FD252C85609E00D13ED9 /* MockChat.swift in Sources */ = {isa = PBXBuildFile; fileRef = C644FD242C85609E00D13ED9 /* MockChat.swift */; };
		C644FD272C8635C600D13ED9 /* DirectMessage.swift in Sources */ = {isa = PBXBuildFile; fileRef = C644FD262C8635C600D13ED9 /* DirectMessage.swift */; };
		C6455DF82C82A10900DC64BD /* landmarkData.json in Resources */ = {isa = PBXBuildFile; fileRef = C6455DF72C82A10900DC64BD /* landmarkData.json */; };
		C6455DFA2C82A54000DC64BD /* LandmarkList.swift in Sources */ = {isa = PBXBuildFile; fileRef = C6455DF92C82A54000DC64BD /* LandmarkList.swift */; };
		C6455DFC2C82A72D00DC64BD /* LandmarkDetail.swift in Sources */ = {isa = PBXBuildFile; fileRef = C6455DFB2C82A72D00DC64BD /* LandmarkDetail.swift */; };
		C64753732C82BCD8003966E8 /* LobbyHome.swift in Sources */ = {isa = PBXBuildFile; fileRef = C64753722C82BCD8003966E8 /* LobbyHome.swift */; };
		C64753752C82BEA4003966E8 /* userData.json in Resources */ = {isa = PBXBuildFile; fileRef = C64753742C82BEA4003966E8 /* userData.json */; };
		C64753772C82BFBE003966E8 /* User.swift in Sources */ = {isa = PBXBuildFile; fileRef = C64753762C82BFBE003966E8 /* User.swift */; };
		C64753792C82C1E9003966E8 /* UserRow.swift in Sources */ = {isa = PBXBuildFile; fileRef = C64753782C82C1E9003966E8 /* UserRow.swift */; };
		C647537B2C82C4A5003966E8 /* UserItem.swift in Sources */ = {isa = PBXBuildFile; fileRef = C647537A2C82C4A5003966E8 /* UserItem.swift */; };
		C647537E2C82C72B003966E8 /* UserDetail.swift in Sources */ = {isa = PBXBuildFile; fileRef = C647537D2C82C72B003966E8 /* UserDetail.swift */; };
		C672CBE62C8756B700C887B6 /* NostrSDK in Frameworks */ = {isa = PBXBuildFile; productRef = C672CBE52C8756B700C887B6 /* NostrSDK */; };
		C6900C7D2C8558C6007AD155 /* NostrFeed.swift in Sources */ = {isa = PBXBuildFile; fileRef = C6900C7C2C8558C6007AD155 /* NostrFeed.swift */; };
		C693D1A02C82907D004A63A5 /* Landmark.swift in Sources */ = {isa = PBXBuildFile; fileRef = C693D19F2C82907D004A63A5 /* Landmark.swift */; };
		C693D1A42C82985F004A63A5 /* ModelData.swift in Sources */ = {isa = PBXBuildFile; fileRef = C693D1A32C82985F004A63A5 /* ModelData.swift */; };
		C693D1A92C829FE0004A63A5 /* LandmarkRow.swift in Sources */ = {isa = PBXBuildFile; fileRef = C693D1A82C829FE0004A63A5 /* LandmarkRow.swift */; };
		C6CACFAD2C85184E00A164CE /* ExyteChat in Frameworks */ = {isa = PBXBuildFile; productRef = C6CACFAC2C85184E00A164CE /* ExyteChat */; };
		C6CACFAF2C8518F700A164CE /* DirectChat.swift in Sources */ = {isa = PBXBuildFile; fileRef = C6CACFAE2C8518F700A164CE /* DirectChat.swift */; };
		C6CACFB12C85196100A164CE /* MockFeed.swift in Sources */ = {isa = PBXBuildFile; fileRef = C6CACFB02C85196100A164CE /* MockFeed.swift */; };
		C6CACFB42C8519E200A164CE /* ConversationInteractorProtocol.swift in Sources */ = {isa = PBXBuildFile; fileRef = C6CACFB32C8519E200A164CE /* ConversationInteractorProtocol.swift */; };
		C6CACFB62C851A1800A164CE /* MockChatInteractor.swift in Sources */ = {isa = PBXBuildFile; fileRef = C6CACFB52C851A1800A164CE /* MockChatInteractor.swift */; };
		C6CACFBC2C851AD100A164CE /* MockMessage.swift in Sources */ = {isa = PBXBuildFile; fileRef = C6CACFB82C851AD100A164CE /* MockMessage.swift */; };
		C6CACFBD2C851AD100A164CE /* ChatError.swift in Sources */ = {isa = PBXBuildFile; fileRef = C6CACFB92C851AD100A164CE /* ChatError.swift */; };
		C6CACFBE2C851AD100A164CE /* MockAttachment.swift in Sources */ = {isa = PBXBuildFile; fileRef = C6CACFBA2C851AD100A164CE /* MockAttachment.swift */; };
		C6CACFBF2C851AD100A164CE /* MockUser.swift in Sources */ = {isa = PBXBuildFile; fileRef = C6CACFBB2C851AD100A164CE /* MockUser.swift */; };
		C6CACFC32C851B3900A164CE /* Lorem.swift in Sources */ = {isa = PBXBuildFile; fileRef = C6CACFC02C851B3900A164CE /* Lorem.swift */; };
		C6CACFC42C851B3900A164CE /* MockChatData.swift in Sources */ = {isa = PBXBuildFile; fileRef = C6CACFC12C851B3900A164CE /* MockChatData.swift */; };
		C6CACFC92C851C0600A164CE /* Color+hex.swift in Sources */ = {isa = PBXBuildFile; fileRef = C6CACFC52C851C0600A164CE /* Color+hex.swift */; };
		C6CACFCA2C851C0600A164CE /* Date+Extensions.swift in Sources */ = {isa = PBXBuildFile; fileRef = C6CACFC62C851C0600A164CE /* Date+Extensions.swift */; };
		C6CACFCB2C851C0600A164CE /* Sequence+asyncMap.swift in Sources */ = {isa = PBXBuildFile; fileRef = C6CACFC72C851C0600A164CE /* Sequence+asyncMap.swift */; };
		C6CDEDC22C83E61600D4F0D4 /* NostrKeyInput.swift in Sources */ = {isa = PBXBuildFile; fileRef = C6CDEDC12C83E61600D4F0D4 /* NostrKeyInput.swift */; };
		C6CDEDC52C83E75E00D4F0D4 /* DemoHelper.swift in Sources */ = {isa = PBXBuildFile; fileRef = C6CDEDC42C83E75E00D4F0D4 /* DemoHelper.swift */; };
		C6D722EA2C825F0C00F44FF6 /* WalletApp.swift in Sources */ = {isa = PBXBuildFile; fileRef = C6D722E92C825F0C00F44FF6 /* WalletApp.swift */; };
		C6D722EC2C825F0C00F44FF6 /* ContentView.swift in Sources */ = {isa = PBXBuildFile; fileRef = C6D722EB2C825F0C00F44FF6 /* ContentView.swift */; };
		C6D722EE2C825F0D00F44FF6 /* Assets.xcassets in Resources */ = {isa = PBXBuildFile; fileRef = C6D722ED2C825F0D00F44FF6 /* Assets.xcassets */; };
		C6D722F12C825F0D00F44FF6 /* Preview Assets.xcassets in Resources */ = {isa = PBXBuildFile; fileRef = C6D722F02C825F0D00F44FF6 /* Preview Assets.xcassets */; };
		C6D722FB2C825F0D00F44FF6 /* WalletTests.swift in Sources */ = {isa = PBXBuildFile; fileRef = C6D722FA2C825F0D00F44FF6 /* WalletTests.swift */; };
		C6D723052C825F0D00F44FF6 /* WalletUITests.swift in Sources */ = {isa = PBXBuildFile; fileRef = C6D723042C825F0D00F44FF6 /* WalletUITests.swift */; };
		C6D723072C825F0D00F44FF6 /* WalletUITestsLaunchTests.swift in Sources */ = {isa = PBXBuildFile; fileRef = C6D723062C825F0D00F44FF6 /* WalletUITestsLaunchTests.swift */; };
		C6D723142C826C5400F44FF6 /* CircleImage.swift in Sources */ = {isa = PBXBuildFile; fileRef = C6D723132C826C5400F44FF6 /* CircleImage.swift */; };
		C6D723162C826DD400F44FF6 /* MapView.swift in Sources */ = {isa = PBXBuildFile; fileRef = C6D723152C826DD400F44FF6 /* MapView.swift */; };
		C6F26D8E2C82CF2C00F6407E /* NostrDebugFeed.swift in Sources */ = {isa = PBXBuildFile; fileRef = C6F26D8D2C82CF2C00F6407E /* NostrDebugFeed.swift */; };
		C6F26D902C82CF4000F6407E /* WalletHome.swift in Sources */ = {isa = PBXBuildFile; fileRef = C6F26D8F2C82CF4000F6407E /* WalletHome.swift */; };
		C6F26D922C82CF5600F6407E /* SettingsHome.swift in Sources */ = {isa = PBXBuildFile; fileRef = C6F26D912C82CF5600F6407E /* SettingsHome.swift */; };
		C6F26D942C82D1CE00F6407E /* Profile.swift in Sources */ = {isa = PBXBuildFile; fileRef = C6F26D932C82D1CE00F6407E /* Profile.swift */; };
		C6F26D972C82D21700F6407E /* ProfileHost.swift in Sources */ = {isa = PBXBuildFile; fileRef = C6F26D962C82D21700F6407E /* ProfileHost.swift */; };
		C6F26D992C82D27400F6407E /* ProfileSummary.swift in Sources */ = {isa = PBXBuildFile; fileRef = C6F26D982C82D27400F6407E /* ProfileSummary.swift */; };
		C6F26D9D2C82D4A600F6407E /* ProfileEditor.swift in Sources */ = {isa = PBXBuildFile; fileRef = C6F26D9C2C82D4A600F6407E /* ProfileEditor.swift */; };
		C6F26DA42C83A98800F6407E /* Host.swift in Sources */ = {isa = PBXBuildFile; fileRef = C6F26DA32C83A98800F6407E /* Host.swift */; };
		C6F26DA62C83ABF000F6407E /* HostStore.swift in Sources */ = {isa = PBXBuildFile; fileRef = C6F26DA52C83ABF000F6407E /* HostStore.swift */; };
/* End PBXBuildFile section */

/* Begin PBXContainerItemProxy section */
		C6D722F72C825F0D00F44FF6 /* PBXContainerItemProxy */ = {
			isa = PBXContainerItemProxy;
			containerPortal = C6D722DE2C825F0C00F44FF6 /* Project object */;
			proxyType = 1;
			remoteGlobalIDString = C6D722E52C825F0C00F44FF6;
			remoteInfo = Wallet;
		};
		C6D723012C825F0D00F44FF6 /* PBXContainerItemProxy */ = {
			isa = PBXContainerItemProxy;
			containerPortal = C6D722DE2C825F0C00F44FF6 /* Project object */;
			proxyType = 1;
			remoteGlobalIDString = C6D722E52C825F0C00F44FF6;
			remoteInfo = Wallet;
		};
/* End PBXContainerItemProxy section */

/* Begin PBXFileReference section */
		C64292A22C82B68F0073156A /* FavoriteButton.swift */ = {isa = PBXFileReference; lastKnownFileType = sourcecode.swift; path = FavoriteButton.swift; sourceTree = "<group>"; };
		C644FD242C85609E00D13ED9 /* MockChat.swift */ = {isa = PBXFileReference; lastKnownFileType = sourcecode.swift; path = MockChat.swift; sourceTree = "<group>"; };
		C644FD262C8635C600D13ED9 /* DirectMessage.swift */ = {isa = PBXFileReference; fileEncoding = 4; lastKnownFileType = sourcecode.swift; path = DirectMessage.swift; sourceTree = "<group>"; };
		C6455DF72C82A10900DC64BD /* landmarkData.json */ = {isa = PBXFileReference; fileEncoding = 4; lastKnownFileType = text.json; path = landmarkData.json; sourceTree = "<group>"; };
		C6455DF92C82A54000DC64BD /* LandmarkList.swift */ = {isa = PBXFileReference; lastKnownFileType = sourcecode.swift; path = LandmarkList.swift; sourceTree = "<group>"; };
		C6455DFB2C82A72D00DC64BD /* LandmarkDetail.swift */ = {isa = PBXFileReference; lastKnownFileType = sourcecode.swift; path = LandmarkDetail.swift; sourceTree = "<group>"; };
		C64753722C82BCD8003966E8 /* LobbyHome.swift */ = {isa = PBXFileReference; lastKnownFileType = sourcecode.swift; path = LobbyHome.swift; sourceTree = "<group>"; };
		C64753742C82BEA4003966E8 /* userData.json */ = {isa = PBXFileReference; fileEncoding = 4; lastKnownFileType = text.json; path = userData.json; sourceTree = "<group>"; };
		C64753762C82BFBE003966E8 /* User.swift */ = {isa = PBXFileReference; fileEncoding = 4; lastKnownFileType = sourcecode.swift; path = User.swift; sourceTree = "<group>"; };
		C64753782C82C1E9003966E8 /* UserRow.swift */ = {isa = PBXFileReference; lastKnownFileType = sourcecode.swift; path = UserRow.swift; sourceTree = "<group>"; };
		C647537A2C82C4A5003966E8 /* UserItem.swift */ = {isa = PBXFileReference; lastKnownFileType = sourcecode.swift; path = UserItem.swift; sourceTree = "<group>"; };
		C647537D2C82C72B003966E8 /* UserDetail.swift */ = {isa = PBXFileReference; fileEncoding = 4; lastKnownFileType = sourcecode.swift; path = UserDetail.swift; sourceTree = "<group>"; };
		C6900C7C2C8558C6007AD155 /* NostrFeed.swift */ = {isa = PBXFileReference; lastKnownFileType = sourcecode.swift; path = NostrFeed.swift; sourceTree = "<group>"; };
		C693D19F2C82907D004A63A5 /* Landmark.swift */ = {isa = PBXFileReference; lastKnownFileType = sourcecode.swift; path = Landmark.swift; sourceTree = "<group>"; };
		C693D1A32C82985F004A63A5 /* ModelData.swift */ = {isa = PBXFileReference; lastKnownFileType = sourcecode.swift; path = ModelData.swift; sourceTree = "<group>"; };
		C693D1A82C829FE0004A63A5 /* LandmarkRow.swift */ = {isa = PBXFileReference; lastKnownFileType = sourcecode.swift; path = LandmarkRow.swift; sourceTree = "<group>"; };
		C6CACFAE2C8518F700A164CE /* DirectChat.swift */ = {isa = PBXFileReference; lastKnownFileType = sourcecode.swift; path = DirectChat.swift; sourceTree = "<group>"; };
		C6CACFB02C85196100A164CE /* MockFeed.swift */ = {isa = PBXFileReference; lastKnownFileType = sourcecode.swift; path = MockFeed.swift; sourceTree = "<group>"; };
		C6CACFB32C8519E200A164CE /* ConversationInteractorProtocol.swift */ = {isa = PBXFileReference; lastKnownFileType = sourcecode.swift; path = ConversationInteractorProtocol.swift; sourceTree = "<group>"; };
		C6CACFB52C851A1800A164CE /* MockChatInteractor.swift */ = {isa = PBXFileReference; lastKnownFileType = sourcecode.swift; path = MockChatInteractor.swift; sourceTree = "<group>"; };
		C6CACFB82C851AD100A164CE /* MockMessage.swift */ = {isa = PBXFileReference; fileEncoding = 4; lastKnownFileType = sourcecode.swift; path = MockMessage.swift; sourceTree = "<group>"; };
		C6CACFB92C851AD100A164CE /* ChatError.swift */ = {isa = PBXFileReference; fileEncoding = 4; lastKnownFileType = sourcecode.swift; path = ChatError.swift; sourceTree = "<group>"; };
		C6CACFBA2C851AD100A164CE /* MockAttachment.swift */ = {isa = PBXFileReference; fileEncoding = 4; lastKnownFileType = sourcecode.swift; path = MockAttachment.swift; sourceTree = "<group>"; };
		C6CACFBB2C851AD100A164CE /* MockUser.swift */ = {isa = PBXFileReference; fileEncoding = 4; lastKnownFileType = sourcecode.swift; path = MockUser.swift; sourceTree = "<group>"; };
		C6CACFC02C851B3900A164CE /* Lorem.swift */ = {isa = PBXFileReference; fileEncoding = 4; lastKnownFileType = sourcecode.swift; path = Lorem.swift; sourceTree = "<group>"; };
		C6CACFC12C851B3900A164CE /* MockChatData.swift */ = {isa = PBXFileReference; fileEncoding = 4; lastKnownFileType = sourcecode.swift; path = MockChatData.swift; sourceTree = "<group>"; };
		C6CACFC52C851C0600A164CE /* Color+hex.swift */ = {isa = PBXFileReference; fileEncoding = 4; lastKnownFileType = sourcecode.swift; path = "Color+hex.swift"; sourceTree = "<group>"; };
		C6CACFC62C851C0600A164CE /* Date+Extensions.swift */ = {isa = PBXFileReference; fileEncoding = 4; lastKnownFileType = sourcecode.swift; path = "Date+Extensions.swift"; sourceTree = "<group>"; };
		C6CACFC72C851C0600A164CE /* Sequence+asyncMap.swift */ = {isa = PBXFileReference; fileEncoding = 4; lastKnownFileType = sourcecode.swift; path = "Sequence+asyncMap.swift"; sourceTree = "<group>"; };
		C6CDEDC12C83E61600D4F0D4 /* NostrKeyInput.swift */ = {isa = PBXFileReference; lastKnownFileType = sourcecode.swift; path = NostrKeyInput.swift; sourceTree = "<group>"; };
		C6CDEDC42C83E75E00D4F0D4 /* DemoHelper.swift */ = {isa = PBXFileReference; lastKnownFileType = sourcecode.swift; path = DemoHelper.swift; sourceTree = "<group>"; };
		C6D722E62C825F0C00F44FF6 /* Wallet.app */ = {isa = PBXFileReference; explicitFileType = wrapper.application; includeInIndex = 0; path = Wallet.app; sourceTree = BUILT_PRODUCTS_DIR; };
		C6D722E92C825F0C00F44FF6 /* WalletApp.swift */ = {isa = PBXFileReference; lastKnownFileType = sourcecode.swift; path = WalletApp.swift; sourceTree = "<group>"; };
		C6D722EB2C825F0C00F44FF6 /* ContentView.swift */ = {isa = PBXFileReference; lastKnownFileType = sourcecode.swift; path = ContentView.swift; sourceTree = "<group>"; };
		C6D722ED2C825F0D00F44FF6 /* Assets.xcassets */ = {isa = PBXFileReference; lastKnownFileType = folder.assetcatalog; path = Assets.xcassets; sourceTree = "<group>"; };
		C6D722F02C825F0D00F44FF6 /* Preview Assets.xcassets */ = {isa = PBXFileReference; lastKnownFileType = folder.assetcatalog; path = "Preview Assets.xcassets"; sourceTree = "<group>"; };
		C6D722F62C825F0D00F44FF6 /* WalletTests.xctest */ = {isa = PBXFileReference; explicitFileType = wrapper.cfbundle; includeInIndex = 0; path = WalletTests.xctest; sourceTree = BUILT_PRODUCTS_DIR; };
		C6D722FA2C825F0D00F44FF6 /* WalletTests.swift */ = {isa = PBXFileReference; lastKnownFileType = sourcecode.swift; path = WalletTests.swift; sourceTree = "<group>"; };
		C6D723002C825F0D00F44FF6 /* WalletUITests.xctest */ = {isa = PBXFileReference; explicitFileType = wrapper.cfbundle; includeInIndex = 0; path = WalletUITests.xctest; sourceTree = BUILT_PRODUCTS_DIR; };
		C6D723042C825F0D00F44FF6 /* WalletUITests.swift */ = {isa = PBXFileReference; lastKnownFileType = sourcecode.swift; path = WalletUITests.swift; sourceTree = "<group>"; };
		C6D723062C825F0D00F44FF6 /* WalletUITestsLaunchTests.swift */ = {isa = PBXFileReference; lastKnownFileType = sourcecode.swift; path = WalletUITestsLaunchTests.swift; sourceTree = "<group>"; };
		C6D723132C826C5400F44FF6 /* CircleImage.swift */ = {isa = PBXFileReference; lastKnownFileType = sourcecode.swift; path = CircleImage.swift; sourceTree = "<group>"; };
		C6D723152C826DD400F44FF6 /* MapView.swift */ = {isa = PBXFileReference; lastKnownFileType = sourcecode.swift; path = MapView.swift; sourceTree = "<group>"; };
		C6F26D8D2C82CF2C00F6407E /* NostrDebugFeed.swift */ = {isa = PBXFileReference; lastKnownFileType = sourcecode.swift; path = NostrDebugFeed.swift; sourceTree = "<group>"; };
		C6F26D8F2C82CF4000F6407E /* WalletHome.swift */ = {isa = PBXFileReference; lastKnownFileType = sourcecode.swift; path = WalletHome.swift; sourceTree = "<group>"; };
		C6F26D912C82CF5600F6407E /* SettingsHome.swift */ = {isa = PBXFileReference; lastKnownFileType = sourcecode.swift; path = SettingsHome.swift; sourceTree = "<group>"; };
		C6F26D932C82D1CE00F6407E /* Profile.swift */ = {isa = PBXFileReference; lastKnownFileType = sourcecode.swift; path = Profile.swift; sourceTree = "<group>"; };
		C6F26D962C82D21700F6407E /* ProfileHost.swift */ = {isa = PBXFileReference; lastKnownFileType = sourcecode.swift; path = ProfileHost.swift; sourceTree = "<group>"; };
		C6F26D982C82D27400F6407E /* ProfileSummary.swift */ = {isa = PBXFileReference; lastKnownFileType = sourcecode.swift; path = ProfileSummary.swift; sourceTree = "<group>"; };
		C6F26D9C2C82D4A600F6407E /* ProfileEditor.swift */ = {isa = PBXFileReference; lastKnownFileType = sourcecode.swift; path = ProfileEditor.swift; sourceTree = "<group>"; };
		C6F26DA32C83A98800F6407E /* Host.swift */ = {isa = PBXFileReference; lastKnownFileType = sourcecode.swift; path = Host.swift; sourceTree = "<group>"; };
		C6F26DA52C83ABF000F6407E /* HostStore.swift */ = {isa = PBXFileReference; lastKnownFileType = sourcecode.swift; path = HostStore.swift; sourceTree = "<group>"; };
/* End PBXFileReference section */

/* Begin PBXFrameworksBuildPhase section */
		C6D722E32C825F0C00F44FF6 /* Frameworks */ = {
			isa = PBXFrameworksBuildPhase;
			buildActionMask = 2147483647;
			files = (
				C672CBE62C8756B700C887B6 /* NostrSDK in Frameworks */,
				C6CACFAD2C85184E00A164CE /* ExyteChat in Frameworks */,
			);
			runOnlyForDeploymentPostprocessing = 0;
		};
		C6D722F32C825F0D00F44FF6 /* Frameworks */ = {
			isa = PBXFrameworksBuildPhase;
			buildActionMask = 2147483647;
			files = (
			);
			runOnlyForDeploymentPostprocessing = 0;
		};
		C6D722FD2C825F0D00F44FF6 /* Frameworks */ = {
			isa = PBXFrameworksBuildPhase;
			buildActionMask = 2147483647;
			files = (
			);
			runOnlyForDeploymentPostprocessing = 0;
		};
/* End PBXFrameworksBuildPhase section */

/* Begin PBXGroup section */
		C64292A42C82B7540073156A /* Landmarks */ = {
			isa = PBXGroup;
			children = (
				C693D1A82C829FE0004A63A5 /* LandmarkRow.swift */,
				C6455DF92C82A54000DC64BD /* LandmarkList.swift */,
				C6455DFB2C82A72D00DC64BD /* LandmarkDetail.swift */,
			);
			path = Landmarks;
			sourceTree = "<group>";
		};
		C64292A52C82B75D0073156A /* Helper */ = {
			isa = PBXGroup;
			children = (
				C6D723132C826C5400F44FF6 /* CircleImage.swift */,
				C6D723152C826DD400F44FF6 /* MapView.swift */,
				C64292A22C82B68F0073156A /* FavoriteButton.swift */,
			);
			path = Helper;
			sourceTree = "<group>";
		};
		C64753712C82BCAC003966E8 /* Lobby */ = {
			isa = PBXGroup;
			children = (
				C64753722C82BCD8003966E8 /* LobbyHome.swift */,
			);
			path = Lobby;
			sourceTree = "<group>";
		};
		C647537C2C82C705003966E8 /* Users */ = {
			isa = PBXGroup;
			children = (
				C64753782C82C1E9003966E8 /* UserRow.swift */,
				C647537A2C82C4A5003966E8 /* UserItem.swift */,
				C647537D2C82C72B003966E8 /* UserDetail.swift */,
			);
			path = Users;
			sourceTree = "<group>";
		};
		C693D1A52C829DC3004A63A5 /* Views */ = {
			isa = PBXGroup;
			children = (
				C6CDEDC02C83E5E700D4F0D4 /* Nostr */,
				C6F26D952C82D20000F6407E /* Profiles */,
				C6F26D8C2C82CEDB00F6407E /* Chat */,
				C6D722EB2C825F0C00F44FF6 /* ContentView.swift */,
				C64292A52C82B75D0073156A /* Helper */,
				C64292A42C82B7540073156A /* Landmarks */,
				C64753712C82BCAC003966E8 /* Lobby */,
				C6F26D8A2C82CE7800F6407E /* Settings */,
				C647537C2C82C705003966E8 /* Users */,
				C6F26D8B2C82CE9A00F6407E /* Wallet */,
			);
			path = Views;
			sourceTree = "<group>";
		};
		C693D1A62C829DDF004A63A5 /* Model */ = {
			isa = PBXGroup;
			children = (
				C6CACFC22C851B3900A164CE /* DataGeneration */,
				C6CACFB72C851ACA00A164CE /* Chat */,
				C64753762C82BFBE003966E8 /* User.swift */,
				C693D19F2C82907D004A63A5 /* Landmark.swift */,
				C693D1A32C82985F004A63A5 /* ModelData.swift */,
				C6F26D932C82D1CE00F6407E /* Profile.swift */,
				C6F26DA32C83A98800F6407E /* Host.swift */,
				C6F26DA52C83ABF000F6407E /* HostStore.swift */,
			);
			path = Model;
			sourceTree = "<group>";
		};
		C693D1A72C829E00004A63A5 /* Resources */ = {
			isa = PBXGroup;
			children = (
				C64753742C82BEA4003966E8 /* userData.json */,
				C6455DF72C82A10900DC64BD /* landmarkData.json */,
			);
			path = Resources;
			sourceTree = "<group>";
		};
		C6CACFB22C8519BF00A164CE /* ChatInteractor */ = {
			isa = PBXGroup;
			children = (
				C6CACFB32C8519E200A164CE /* ConversationInteractorProtocol.swift */,
				C6CACFB52C851A1800A164CE /* MockChatInteractor.swift */,
			);
			path = ChatInteractor;
			sourceTree = "<group>";
		};
		C6CACFB72C851ACA00A164CE /* Chat */ = {
			isa = PBXGroup;
			children = (
				C6CACFB92C851AD100A164CE /* ChatError.swift */,
				C6CACFBA2C851AD100A164CE /* MockAttachment.swift */,
				C6CACFB82C851AD100A164CE /* MockMessage.swift */,
				C6CACFBB2C851AD100A164CE /* MockUser.swift */,
			);
			path = Chat;
			sourceTree = "<group>";
		};
		C6CACFC22C851B3900A164CE /* DataGeneration */ = {
			isa = PBXGroup;
			children = (
				C6CACFC02C851B3900A164CE /* Lorem.swift */,
				C6CACFC12C851B3900A164CE /* MockChatData.swift */,
			);
			path = DataGeneration;
			sourceTree = "<group>";
		};
		C6CACFC82C851C0600A164CE /* Extensions */ = {
			isa = PBXGroup;
			children = (
				C6CACFC52C851C0600A164CE /* Color+hex.swift */,
				C6CACFC62C851C0600A164CE /* Date+Extensions.swift */,
				C6CACFC72C851C0600A164CE /* Sequence+asyncMap.swift */,
			);
			path = Extensions;
			sourceTree = "<group>";
		};
		C6CDEDC02C83E5E700D4F0D4 /* Nostr */ = {
			isa = PBXGroup;
			children = (
				C6F26D8D2C82CF2C00F6407E /* NostrDebugFeed.swift */,
				C6CDEDC12C83E61600D4F0D4 /* NostrKeyInput.swift */,
			);
			path = Nostr;
			sourceTree = "<group>";
		};
		C6CDEDC32C83E73100D4F0D4 /* Helpers */ = {
			isa = PBXGroup;
			children = (
				C6CDEDC42C83E75E00D4F0D4 /* DemoHelper.swift */,
			);
			path = Helpers;
			sourceTree = "<group>";
		};
		C6D722DD2C825F0C00F44FF6 = {
			isa = PBXGroup;
			children = (
				C6D722E82C825F0C00F44FF6 /* Wallet */,
				C6D722F92C825F0D00F44FF6 /* WalletTests */,
				C6D723032C825F0D00F44FF6 /* WalletUITests */,
				C6D722E72C825F0C00F44FF6 /* Products */,
			);
			sourceTree = "<group>";
		};
		C6D722E72C825F0C00F44FF6 /* Products */ = {
			isa = PBXGroup;
			children = (
				C6D722E62C825F0C00F44FF6 /* Wallet.app */,
				C6D722F62C825F0D00F44FF6 /* WalletTests.xctest */,
				C6D723002C825F0D00F44FF6 /* WalletUITests.xctest */,
			);
			name = Products;
			sourceTree = "<group>";
		};
		C6D722E82C825F0C00F44FF6 /* Wallet */ = {
			isa = PBXGroup;
			children = (
				C6CACFC82C851C0600A164CE /* Extensions */,
				C6D722ED2C825F0D00F44FF6 /* Assets.xcassets */,
				C6CDEDC32C83E73100D4F0D4 /* Helpers */,
				C693D1A62C829DDF004A63A5 /* Model */,
				C6D722EF2C825F0D00F44FF6 /* Preview Content */,
				C693D1A72C829E00004A63A5 /* Resources */,
				C693D1A52C829DC3004A63A5 /* Views */,
				C6D722E92C825F0C00F44FF6 /* WalletApp.swift */,
			);
			path = Wallet;
			sourceTree = "<group>";
		};
		C6D722EF2C825F0D00F44FF6 /* Preview Content */ = {
			isa = PBXGroup;
			children = (
				C6D722F02C825F0D00F44FF6 /* Preview Assets.xcassets */,
			);
			path = "Preview Content";
			sourceTree = "<group>";
		};
		C6D722F92C825F0D00F44FF6 /* WalletTests */ = {
			isa = PBXGroup;
			children = (
				C6D722FA2C825F0D00F44FF6 /* WalletTests.swift */,
			);
			path = WalletTests;
			sourceTree = "<group>";
		};
		C6D723032C825F0D00F44FF6 /* WalletUITests */ = {
			isa = PBXGroup;
			children = (
				C6D723042C825F0D00F44FF6 /* WalletUITests.swift */,
				C6D723062C825F0D00F44FF6 /* WalletUITestsLaunchTests.swift */,
			);
			path = WalletUITests;
			sourceTree = "<group>";
		};
		C6F26D8A2C82CE7800F6407E /* Settings */ = {
			isa = PBXGroup;
			children = (
				C6F26D912C82CF5600F6407E /* SettingsHome.swift */,
			);
			path = Settings;
			sourceTree = "<group>";
		};
		C6F26D8B2C82CE9A00F6407E /* Wallet */ = {
			isa = PBXGroup;
			children = (
				C6F26D8F2C82CF4000F6407E /* WalletHome.swift */,
			);
			path = Wallet;
			sourceTree = "<group>";
		};
		C6F26D8C2C82CEDB00F6407E /* Chat */ = {
			isa = PBXGroup;
			children = (
				C6CACFB02C85196100A164CE /* MockFeed.swift */,
				C644FD262C8635C600D13ED9 /* DirectMessage.swift */,
				C6CACFB22C8519BF00A164CE /* ChatInteractor */,
				C6CACFAE2C8518F700A164CE /* DirectChat.swift */,
				C644FD242C85609E00D13ED9 /* MockChat.swift */,
				C6900C7C2C8558C6007AD155 /* NostrFeed.swift */,
			);
			path = Chat;
			sourceTree = "<group>";
		};
		C6F26D952C82D20000F6407E /* Profiles */ = {
			isa = PBXGroup;
			children = (
				C6F26D962C82D21700F6407E /* ProfileHost.swift */,
				C6F26D982C82D27400F6407E /* ProfileSummary.swift */,
				C6F26D9C2C82D4A600F6407E /* ProfileEditor.swift */,
			);
			path = Profiles;
			sourceTree = "<group>";
		};
/* End PBXGroup section */

/* Begin PBXNativeTarget section */
		C6D722E52C825F0C00F44FF6 /* Wallet */ = {
			isa = PBXNativeTarget;
			buildConfigurationList = C6D7230A2C825F0D00F44FF6 /* Build configuration list for PBXNativeTarget "Wallet" */;
			buildPhases = (
				C6D722E22C825F0C00F44FF6 /* Sources */,
				C6D722E32C825F0C00F44FF6 /* Frameworks */,
				C6D722E42C825F0C00F44FF6 /* Resources */,
			);
			buildRules = (
			);
			dependencies = (
			);
			name = Wallet;
			packageProductDependencies = (
				C6CACFAC2C85184E00A164CE /* ExyteChat */,
				C672CBE52C8756B700C887B6 /* NostrSDK */,
			);
			productName = Wallet;
			productReference = C6D722E62C825F0C00F44FF6 /* Wallet.app */;
			productType = "com.apple.product-type.application";
		};
		C6D722F52C825F0D00F44FF6 /* WalletTests */ = {
			isa = PBXNativeTarget;
			buildConfigurationList = C6D7230D2C825F0D00F44FF6 /* Build configuration list for PBXNativeTarget "WalletTests" */;
			buildPhases = (
				C6D722F22C825F0D00F44FF6 /* Sources */,
				C6D722F32C825F0D00F44FF6 /* Frameworks */,
				C6D722F42C825F0D00F44FF6 /* Resources */,
			);
			buildRules = (
			);
			dependencies = (
				C6D722F82C825F0D00F44FF6 /* PBXTargetDependency */,
			);
			name = WalletTests;
			productName = WalletTests;
			productReference = C6D722F62C825F0D00F44FF6 /* WalletTests.xctest */;
			productType = "com.apple.product-type.bundle.unit-test";
		};
		C6D722FF2C825F0D00F44FF6 /* WalletUITests */ = {
			isa = PBXNativeTarget;
			buildConfigurationList = C6D723102C825F0D00F44FF6 /* Build configuration list for PBXNativeTarget "WalletUITests" */;
			buildPhases = (
				C6D722FC2C825F0D00F44FF6 /* Sources */,
				C6D722FD2C825F0D00F44FF6 /* Frameworks */,
				C6D722FE2C825F0D00F44FF6 /* Resources */,
			);
			buildRules = (
			);
			dependencies = (
				C6D723022C825F0D00F44FF6 /* PBXTargetDependency */,
			);
			name = WalletUITests;
			productName = WalletUITests;
			productReference = C6D723002C825F0D00F44FF6 /* WalletUITests.xctest */;
			productType = "com.apple.product-type.bundle.ui-testing";
		};
/* End PBXNativeTarget section */

/* Begin PBXProject section */
		C6D722DE2C825F0C00F44FF6 /* Project object */ = {
			isa = PBXProject;
			attributes = {
				BuildIndependentTargetsInParallel = 1;
				LastSwiftUpdateCheck = 1540;
				LastUpgradeCheck = 1540;
				TargetAttributes = {
					C6D722E52C825F0C00F44FF6 = {
						CreatedOnToolsVersion = 15.4;
					};
					C6D722F52C825F0D00F44FF6 = {
						CreatedOnToolsVersion = 15.4;
						TestTargetID = C6D722E52C825F0C00F44FF6;
					};
					C6D722FF2C825F0D00F44FF6 = {
						CreatedOnToolsVersion = 15.4;
						TestTargetID = C6D722E52C825F0C00F44FF6;
					};
				};
			};
			buildConfigurationList = C6D722E12C825F0C00F44FF6 /* Build configuration list for PBXProject "Wallet" */;
			compatibilityVersion = "Xcode 14.0";
			developmentRegion = en;
			hasScannedForEncodings = 0;
			knownRegions = (
				en,
				Base,
			);
			mainGroup = C6D722DD2C825F0C00F44FF6;
			packageReferences = (
				C6CACFAB2C85184E00A164CE /* XCRemoteSwiftPackageReference "Chat" */,
				C672CBE42C8756B700C887B6 /* XCRemoteSwiftPackageReference "nostr-sdk-ios" */,
			);
			productRefGroup = C6D722E72C825F0C00F44FF6 /* Products */;
			projectDirPath = "";
			projectRoot = "";
			targets = (
				C6D722E52C825F0C00F44FF6 /* Wallet */,
				C6D722F52C825F0D00F44FF6 /* WalletTests */,
				C6D722FF2C825F0D00F44FF6 /* WalletUITests */,
			);
		};
/* End PBXProject section */

/* Begin PBXResourcesBuildPhase section */
		C6D722E42C825F0C00F44FF6 /* Resources */ = {
			isa = PBXResourcesBuildPhase;
			buildActionMask = 2147483647;
			files = (
				C6D722F12C825F0D00F44FF6 /* Preview Assets.xcassets in Resources */,
				C6D722EE2C825F0D00F44FF6 /* Assets.xcassets in Resources */,
				C64753752C82BEA4003966E8 /* userData.json in Resources */,
				C6455DF82C82A10900DC64BD /* landmarkData.json in Resources */,
			);
			runOnlyForDeploymentPostprocessing = 0;
		};
		C6D722F42C825F0D00F44FF6 /* Resources */ = {
			isa = PBXResourcesBuildPhase;
			buildActionMask = 2147483647;
			files = (
			);
			runOnlyForDeploymentPostprocessing = 0;
		};
		C6D722FE2C825F0D00F44FF6 /* Resources */ = {
			isa = PBXResourcesBuildPhase;
			buildActionMask = 2147483647;
			files = (
			);
			runOnlyForDeploymentPostprocessing = 0;
		};
/* End PBXResourcesBuildPhase section */

/* Begin PBXSourcesBuildPhase section */
		C6D722E22C825F0C00F44FF6 /* Sources */ = {
			isa = PBXSourcesBuildPhase;
			buildActionMask = 2147483647;
			files = (
				C6CACFB12C85196100A164CE /* MockFeed.swift in Sources */,
				C6CACFC42C851B3900A164CE /* MockChatData.swift in Sources */,
				C6CACFBE2C851AD100A164CE /* MockAttachment.swift in Sources */,
				C6D722EC2C825F0C00F44FF6 /* ContentView.swift in Sources */,
				C6F26DA42C83A98800F6407E /* Host.swift in Sources */,
				C6CACFBF2C851AD100A164CE /* MockUser.swift in Sources */,
				C644FD272C8635C600D13ED9 /* DirectMessage.swift in Sources */,
				C6CACFC92C851C0600A164CE /* Color+hex.swift in Sources */,
				C6D723162C826DD400F44FF6 /* MapView.swift in Sources */,
				C6CACFAF2C8518F700A164CE /* DirectChat.swift in Sources */,
				C6F26D992C82D27400F6407E /* ProfileSummary.swift in Sources */,
				C6CACFB42C8519E200A164CE /* ConversationInteractorProtocol.swift in Sources */,
				C6F26D8E2C82CF2C00F6407E /* NostrDebugFeed.swift in Sources */,
				C6CACFB62C851A1800A164CE /* MockChatInteractor.swift in Sources */,
				C6F26DA62C83ABF000F6407E /* HostStore.swift in Sources */,
				C644FD252C85609E00D13ED9 /* MockChat.swift in Sources */,
				C6F26D972C82D21700F6407E /* ProfileHost.swift in Sources */,
				C6D722EA2C825F0C00F44FF6 /* WalletApp.swift in Sources */,
				C64292A32C82B68F0073156A /* FavoriteButton.swift in Sources */,
				C6CACFCB2C851C0600A164CE /* Sequence+asyncMap.swift in Sources */,
				C6F26D922C82CF5600F6407E /* SettingsHome.swift in Sources */,
				C6455DFA2C82A54000DC64BD /* LandmarkList.swift in Sources */,
				C64753792C82C1E9003966E8 /* UserRow.swift in Sources */,
				C6455DFC2C82A72D00DC64BD /* LandmarkDetail.swift in Sources */,
				C693D1A02C82907D004A63A5 /* Landmark.swift in Sources */,
				C6D723142C826C5400F44FF6 /* CircleImage.swift in Sources */,
				C64753772C82BFBE003966E8 /* User.swift in Sources */,
				C693D1A92C829FE0004A63A5 /* LandmarkRow.swift in Sources */,
				C647537B2C82C4A5003966E8 /* UserItem.swift in Sources */,
				C6CACFC32C851B3900A164CE /* Lorem.swift in Sources */,
				C693D1A42C82985F004A63A5 /* ModelData.swift in Sources */,
				C6900C7D2C8558C6007AD155 /* NostrFeed.swift in Sources */,
				C6CACFCA2C851C0600A164CE /* Date+Extensions.swift in Sources */,
				C647537E2C82C72B003966E8 /* UserDetail.swift in Sources */,
				C6F26D9D2C82D4A600F6407E /* ProfileEditor.swift in Sources */,
				C6F26D942C82D1CE00F6407E /* Profile.swift in Sources */,
				C6CACFBC2C851AD100A164CE /* MockMessage.swift in Sources */,
				C6CDEDC52C83E75E00D4F0D4 /* DemoHelper.swift in Sources */,
				C6CDEDC22C83E61600D4F0D4 /* NostrKeyInput.swift in Sources */,
				C6CACFBD2C851AD100A164CE /* ChatError.swift in Sources */,
				C6F26D902C82CF4000F6407E /* WalletHome.swift in Sources */,
				C64753732C82BCD8003966E8 /* LobbyHome.swift in Sources */,
			);
			runOnlyForDeploymentPostprocessing = 0;
		};
		C6D722F22C825F0D00F44FF6 /* Sources */ = {
			isa = PBXSourcesBuildPhase;
			buildActionMask = 2147483647;
			files = (
				C6D722FB2C825F0D00F44FF6 /* WalletTests.swift in Sources */,
			);
			runOnlyForDeploymentPostprocessing = 0;
		};
		C6D722FC2C825F0D00F44FF6 /* Sources */ = {
			isa = PBXSourcesBuildPhase;
			buildActionMask = 2147483647;
			files = (
				C6D723052C825F0D00F44FF6 /* WalletUITests.swift in Sources */,
				C6D723072C825F0D00F44FF6 /* WalletUITestsLaunchTests.swift in Sources */,
			);
			runOnlyForDeploymentPostprocessing = 0;
		};
/* End PBXSourcesBuildPhase section */

/* Begin PBXTargetDependency section */
		C6D722F82C825F0D00F44FF6 /* PBXTargetDependency */ = {
			isa = PBXTargetDependency;
			target = C6D722E52C825F0C00F44FF6 /* Wallet */;
			targetProxy = C6D722F72C825F0D00F44FF6 /* PBXContainerItemProxy */;
		};
		C6D723022C825F0D00F44FF6 /* PBXTargetDependency */ = {
			isa = PBXTargetDependency;
			target = C6D722E52C825F0C00F44FF6 /* Wallet */;
			targetProxy = C6D723012C825F0D00F44FF6 /* PBXContainerItemProxy */;
		};
/* End PBXTargetDependency section */

/* Begin XCBuildConfiguration section */
		C6D723082C825F0D00F44FF6 /* Debug */ = {
			isa = XCBuildConfiguration;
			buildSettings = {
				ALWAYS_SEARCH_USER_PATHS = NO;
				ASSETCATALOG_COMPILER_GENERATE_SWIFT_ASSET_SYMBOL_EXTENSIONS = YES;
				CLANG_ANALYZER_NONNULL = YES;
				CLANG_ANALYZER_NUMBER_OBJECT_CONVERSION = YES_AGGRESSIVE;
				CLANG_CXX_LANGUAGE_STANDARD = "gnu++20";
				CLANG_ENABLE_MODULES = YES;
				CLANG_ENABLE_OBJC_ARC = YES;
				CLANG_ENABLE_OBJC_WEAK = YES;
				CLANG_WARN_BLOCK_CAPTURE_AUTORELEASING = YES;
				CLANG_WARN_BOOL_CONVERSION = YES;
				CLANG_WARN_COMMA = YES;
				CLANG_WARN_CONSTANT_CONVERSION = YES;
				CLANG_WARN_DEPRECATED_OBJC_IMPLEMENTATIONS = YES;
				CLANG_WARN_DIRECT_OBJC_ISA_USAGE = YES_ERROR;
				CLANG_WARN_DOCUMENTATION_COMMENTS = YES;
				CLANG_WARN_EMPTY_BODY = YES;
				CLANG_WARN_ENUM_CONVERSION = YES;
				CLANG_WARN_INFINITE_RECURSION = YES;
				CLANG_WARN_INT_CONVERSION = YES;
				CLANG_WARN_NON_LITERAL_NULL_CONVERSION = YES;
				CLANG_WARN_OBJC_IMPLICIT_RETAIN_SELF = YES;
				CLANG_WARN_OBJC_LITERAL_CONVERSION = YES;
				CLANG_WARN_OBJC_ROOT_CLASS = YES_ERROR;
				CLANG_WARN_QUOTED_INCLUDE_IN_FRAMEWORK_HEADER = YES;
				CLANG_WARN_RANGE_LOOP_ANALYSIS = YES;
				CLANG_WARN_STRICT_PROTOTYPES = YES;
				CLANG_WARN_SUSPICIOUS_MOVE = YES;
				CLANG_WARN_UNGUARDED_AVAILABILITY = YES_AGGRESSIVE;
				CLANG_WARN_UNREACHABLE_CODE = YES;
				CLANG_WARN__DUPLICATE_METHOD_MATCH = YES;
				COPY_PHASE_STRIP = NO;
				DEBUG_INFORMATION_FORMAT = dwarf;
				ENABLE_STRICT_OBJC_MSGSEND = YES;
				ENABLE_TESTABILITY = YES;
				ENABLE_USER_SCRIPT_SANDBOXING = YES;
				GCC_C_LANGUAGE_STANDARD = gnu17;
				GCC_DYNAMIC_NO_PIC = NO;
				GCC_NO_COMMON_BLOCKS = YES;
				GCC_OPTIMIZATION_LEVEL = 0;
				GCC_PREPROCESSOR_DEFINITIONS = (
					"DEBUG=1",
					"$(inherited)",
				);
				GCC_WARN_64_TO_32_BIT_CONVERSION = YES;
				GCC_WARN_ABOUT_RETURN_TYPE = YES_ERROR;
				GCC_WARN_UNDECLARED_SELECTOR = YES;
				GCC_WARN_UNINITIALIZED_AUTOS = YES_AGGRESSIVE;
				GCC_WARN_UNUSED_FUNCTION = YES;
				GCC_WARN_UNUSED_VARIABLE = YES;
				IPHONEOS_DEPLOYMENT_TARGET = 17.5;
				LOCALIZATION_PREFERS_STRING_CATALOGS = YES;
				MTL_ENABLE_DEBUG_INFO = INCLUDE_SOURCE;
				MTL_FAST_MATH = YES;
				ONLY_ACTIVE_ARCH = YES;
				SDKROOT = iphoneos;
				SWIFT_ACTIVE_COMPILATION_CONDITIONS = "DEBUG $(inherited)";
				SWIFT_OPTIMIZATION_LEVEL = "-Onone";
			};
			name = Debug;
		};
		C6D723092C825F0D00F44FF6 /* Release */ = {
			isa = XCBuildConfiguration;
			buildSettings = {
				ALWAYS_SEARCH_USER_PATHS = NO;
				ASSETCATALOG_COMPILER_GENERATE_SWIFT_ASSET_SYMBOL_EXTENSIONS = YES;
				CLANG_ANALYZER_NONNULL = YES;
				CLANG_ANALYZER_NUMBER_OBJECT_CONVERSION = YES_AGGRESSIVE;
				CLANG_CXX_LANGUAGE_STANDARD = "gnu++20";
				CLANG_ENABLE_MODULES = YES;
				CLANG_ENABLE_OBJC_ARC = YES;
				CLANG_ENABLE_OBJC_WEAK = YES;
				CLANG_WARN_BLOCK_CAPTURE_AUTORELEASING = YES;
				CLANG_WARN_BOOL_CONVERSION = YES;
				CLANG_WARN_COMMA = YES;
				CLANG_WARN_CONSTANT_CONVERSION = YES;
				CLANG_WARN_DEPRECATED_OBJC_IMPLEMENTATIONS = YES;
				CLANG_WARN_DIRECT_OBJC_ISA_USAGE = YES_ERROR;
				CLANG_WARN_DOCUMENTATION_COMMENTS = YES;
				CLANG_WARN_EMPTY_BODY = YES;
				CLANG_WARN_ENUM_CONVERSION = YES;
				CLANG_WARN_INFINITE_RECURSION = YES;
				CLANG_WARN_INT_CONVERSION = YES;
				CLANG_WARN_NON_LITERAL_NULL_CONVERSION = YES;
				CLANG_WARN_OBJC_IMPLICIT_RETAIN_SELF = YES;
				CLANG_WARN_OBJC_LITERAL_CONVERSION = YES;
				CLANG_WARN_OBJC_ROOT_CLASS = YES_ERROR;
				CLANG_WARN_QUOTED_INCLUDE_IN_FRAMEWORK_HEADER = YES;
				CLANG_WARN_RANGE_LOOP_ANALYSIS = YES;
				CLANG_WARN_STRICT_PROTOTYPES = YES;
				CLANG_WARN_SUSPICIOUS_MOVE = YES;
				CLANG_WARN_UNGUARDED_AVAILABILITY = YES_AGGRESSIVE;
				CLANG_WARN_UNREACHABLE_CODE = YES;
				CLANG_WARN__DUPLICATE_METHOD_MATCH = YES;
				COPY_PHASE_STRIP = NO;
				DEBUG_INFORMATION_FORMAT = "dwarf-with-dsym";
				ENABLE_NS_ASSERTIONS = NO;
				ENABLE_STRICT_OBJC_MSGSEND = YES;
				ENABLE_USER_SCRIPT_SANDBOXING = YES;
				GCC_C_LANGUAGE_STANDARD = gnu17;
				GCC_NO_COMMON_BLOCKS = YES;
				GCC_WARN_64_TO_32_BIT_CONVERSION = YES;
				GCC_WARN_ABOUT_RETURN_TYPE = YES_ERROR;
				GCC_WARN_UNDECLARED_SELECTOR = YES;
				GCC_WARN_UNINITIALIZED_AUTOS = YES_AGGRESSIVE;
				GCC_WARN_UNUSED_FUNCTION = YES;
				GCC_WARN_UNUSED_VARIABLE = YES;
				IPHONEOS_DEPLOYMENT_TARGET = 17.5;
				LOCALIZATION_PREFERS_STRING_CATALOGS = YES;
				MTL_ENABLE_DEBUG_INFO = NO;
				MTL_FAST_MATH = YES;
				SDKROOT = iphoneos;
				SWIFT_COMPILATION_MODE = wholemodule;
				VALIDATE_PRODUCT = YES;
			};
			name = Release;
		};
		C6D7230B2C825F0D00F44FF6 /* Debug */ = {
			isa = XCBuildConfiguration;
			buildSettings = {
				ASSETCATALOG_COMPILER_APPICON_NAME = AppIcon;
				ASSETCATALOG_COMPILER_GLOBAL_ACCENT_COLOR_NAME = AccentColor;
				CODE_SIGN_STYLE = Automatic;
				CURRENT_PROJECT_VERSION = 1;
				DEVELOPMENT_ASSET_PATHS = "\"Wallet/Preview Content\"";
				DEVELOPMENT_TEAM = SJ92P833ND;
				ENABLE_PREVIEWS = YES;
				GENERATE_INFOPLIST_FILE = YES;
				INFOPLIST_KEY_CFBundleDisplayName = SkatePay;
				INFOPLIST_KEY_UIApplicationSceneManifest_Generation = YES;
				INFOPLIST_KEY_UIApplicationSupportsIndirectInputEvents = YES;
				INFOPLIST_KEY_UILaunchScreen_Generation = YES;
				INFOPLIST_KEY_UISupportedInterfaceOrientations = UIInterfaceOrientationPortrait;
				LD_RUNPATH_SEARCH_PATHS = (
					"$(inherited)",
					"@executable_path/Frameworks",
				);
				MARKETING_VERSION = 1.0;
				PRODUCT_BUNDLE_IDENTIFIER = chat.skatepay.wallet;
				PRODUCT_NAME = "$(TARGET_NAME)";
				SUPPORTED_PLATFORMS = "iphoneos iphonesimulator";
				SUPPORTS_MACCATALYST = NO;
				SUPPORTS_MAC_DESIGNED_FOR_IPHONE_IPAD = NO;
				SUPPORTS_XR_DESIGNED_FOR_IPHONE_IPAD = NO;
				SWIFT_EMIT_LOC_STRINGS = YES;
				SWIFT_VERSION = 5.0;
				TARGETED_DEVICE_FAMILY = 1;
			};
			name = Debug;
		};
		C6D7230C2C825F0D00F44FF6 /* Release */ = {
			isa = XCBuildConfiguration;
			buildSettings = {
				ASSETCATALOG_COMPILER_APPICON_NAME = AppIcon;
				ASSETCATALOG_COMPILER_GLOBAL_ACCENT_COLOR_NAME = AccentColor;
				CODE_SIGN_STYLE = Automatic;
				CURRENT_PROJECT_VERSION = 1;
				DEVELOPMENT_ASSET_PATHS = "\"Wallet/Preview Content\"";
				DEVELOPMENT_TEAM = SJ92P833ND;
				ENABLE_PREVIEWS = YES;
				GENERATE_INFOPLIST_FILE = YES;
				INFOPLIST_KEY_CFBundleDisplayName = SkatePay;
				INFOPLIST_KEY_UIApplicationSceneManifest_Generation = YES;
				INFOPLIST_KEY_UIApplicationSupportsIndirectInputEvents = YES;
				INFOPLIST_KEY_UILaunchScreen_Generation = YES;
				INFOPLIST_KEY_UISupportedInterfaceOrientations = UIInterfaceOrientationPortrait;
				LD_RUNPATH_SEARCH_PATHS = (
					"$(inherited)",
					"@executable_path/Frameworks",
				);
				MARKETING_VERSION = 1.0;
				PRODUCT_BUNDLE_IDENTIFIER = chat.skatepay.wallet;
				PRODUCT_NAME = "$(TARGET_NAME)";
				SUPPORTED_PLATFORMS = "iphoneos iphonesimulator";
				SUPPORTS_MACCATALYST = NO;
				SUPPORTS_MAC_DESIGNED_FOR_IPHONE_IPAD = NO;
				SUPPORTS_XR_DESIGNED_FOR_IPHONE_IPAD = NO;
				SWIFT_EMIT_LOC_STRINGS = YES;
				SWIFT_VERSION = 5.0;
				TARGETED_DEVICE_FAMILY = 1;
			};
			name = Release;
		};
		C6D7230E2C825F0D00F44FF6 /* Debug */ = {
			isa = XCBuildConfiguration;
			buildSettings = {
				ALWAYS_EMBED_SWIFT_STANDARD_LIBRARIES = YES;
				BUNDLE_LOADER = "$(TEST_HOST)";
				CODE_SIGN_STYLE = Automatic;
				CURRENT_PROJECT_VERSION = 1;
				GENERATE_INFOPLIST_FILE = YES;
				IPHONEOS_DEPLOYMENT_TARGET = 17.5;
				MARKETING_VERSION = 1.0;
				PRODUCT_BUNDLE_IDENTIFIER = chat.skatepay.walletTests;
				PRODUCT_NAME = "$(TARGET_NAME)";
				SWIFT_EMIT_LOC_STRINGS = NO;
				SWIFT_VERSION = 5.0;
				TARGETED_DEVICE_FAMILY = "1,2";
				TEST_HOST = "$(BUILT_PRODUCTS_DIR)/Wallet.app/$(BUNDLE_EXECUTABLE_FOLDER_PATH)/Wallet";
			};
			name = Debug;
		};
		C6D7230F2C825F0D00F44FF6 /* Release */ = {
			isa = XCBuildConfiguration;
			buildSettings = {
				ALWAYS_EMBED_SWIFT_STANDARD_LIBRARIES = YES;
				BUNDLE_LOADER = "$(TEST_HOST)";
				CODE_SIGN_STYLE = Automatic;
				CURRENT_PROJECT_VERSION = 1;
				GENERATE_INFOPLIST_FILE = YES;
				IPHONEOS_DEPLOYMENT_TARGET = 17.5;
				MARKETING_VERSION = 1.0;
				PRODUCT_BUNDLE_IDENTIFIER = chat.skatepay.walletTests;
				PRODUCT_NAME = "$(TARGET_NAME)";
				SWIFT_EMIT_LOC_STRINGS = NO;
				SWIFT_VERSION = 5.0;
				TARGETED_DEVICE_FAMILY = "1,2";
				TEST_HOST = "$(BUILT_PRODUCTS_DIR)/Wallet.app/$(BUNDLE_EXECUTABLE_FOLDER_PATH)/Wallet";
			};
			name = Release;
		};
		C6D723112C825F0D00F44FF6 /* Debug */ = {
			isa = XCBuildConfiguration;
			buildSettings = {
				ALWAYS_EMBED_SWIFT_STANDARD_LIBRARIES = YES;
				CODE_SIGN_STYLE = Automatic;
				CURRENT_PROJECT_VERSION = 1;
				GENERATE_INFOPLIST_FILE = YES;
				MARKETING_VERSION = 1.0;
				PRODUCT_BUNDLE_IDENTIFIER = chat.skatepay.walletUITests;
				PRODUCT_NAME = "$(TARGET_NAME)";
				SWIFT_EMIT_LOC_STRINGS = NO;
				SWIFT_VERSION = 5.0;
				TARGETED_DEVICE_FAMILY = "1,2";
				TEST_TARGET_NAME = Wallet;
			};
			name = Debug;
		};
		C6D723122C825F0D00F44FF6 /* Release */ = {
			isa = XCBuildConfiguration;
			buildSettings = {
				ALWAYS_EMBED_SWIFT_STANDARD_LIBRARIES = YES;
				CODE_SIGN_STYLE = Automatic;
				CURRENT_PROJECT_VERSION = 1;
				GENERATE_INFOPLIST_FILE = YES;
				MARKETING_VERSION = 1.0;
				PRODUCT_BUNDLE_IDENTIFIER = chat.skatepay.walletUITests;
				PRODUCT_NAME = "$(TARGET_NAME)";
				SWIFT_EMIT_LOC_STRINGS = NO;
				SWIFT_VERSION = 5.0;
				TARGETED_DEVICE_FAMILY = "1,2";
				TEST_TARGET_NAME = Wallet;
			};
			name = Release;
		};
/* End XCBuildConfiguration section */

/* Begin XCConfigurationList section */
		C6D722E12C825F0C00F44FF6 /* Build configuration list for PBXProject "Wallet" */ = {
			isa = XCConfigurationList;
			buildConfigurations = (
				C6D723082C825F0D00F44FF6 /* Debug */,
				C6D723092C825F0D00F44FF6 /* Release */,
			);
			defaultConfigurationIsVisible = 0;
			defaultConfigurationName = Release;
		};
		C6D7230A2C825F0D00F44FF6 /* Build configuration list for PBXNativeTarget "Wallet" */ = {
			isa = XCConfigurationList;
			buildConfigurations = (
				C6D7230B2C825F0D00F44FF6 /* Debug */,
				C6D7230C2C825F0D00F44FF6 /* Release */,
			);
			defaultConfigurationIsVisible = 0;
			defaultConfigurationName = Release;
		};
		C6D7230D2C825F0D00F44FF6 /* Build configuration list for PBXNativeTarget "WalletTests" */ = {
			isa = XCConfigurationList;
			buildConfigurations = (
				C6D7230E2C825F0D00F44FF6 /* Debug */,
				C6D7230F2C825F0D00F44FF6 /* Release */,
			);
			defaultConfigurationIsVisible = 0;
			defaultConfigurationName = Release;
		};
		C6D723102C825F0D00F44FF6 /* Build configuration list for PBXNativeTarget "WalletUITests" */ = {
			isa = XCConfigurationList;
			buildConfigurations = (
				C6D723112C825F0D00F44FF6 /* Debug */,
				C6D723122C825F0D00F44FF6 /* Release */,
			);
			defaultConfigurationIsVisible = 0;
			defaultConfigurationName = Release;
		};
/* End XCConfigurationList section */

/* Begin XCRemoteSwiftPackageReference section */
		C672CBE42C8756B700C887B6 /* XCRemoteSwiftPackageReference "nostr-sdk-ios" */ = {
			isa = XCRemoteSwiftPackageReference;
			repositoryURL = "git@github.com:nostr-sdk/nostr-sdk-ios.git";
			requirement = {
				branch = main;
				kind = branch;
			};
		};
		C6CACFAB2C85184E00A164CE /* XCRemoteSwiftPackageReference "Chat" */ = {
			isa = XCRemoteSwiftPackageReference;
			repositoryURL = "https://github.com/exyte/Chat.git";
			requirement = {
				kind = upToNextMajorVersion;
				minimumVersion = 2.0.5;
			};
		};
/* End XCRemoteSwiftPackageReference section */

/* Begin XCSwiftPackageProductDependency section */
		C672CBE52C8756B700C887B6 /* NostrSDK */ = {
			isa = XCSwiftPackageProductDependency;
			package = C672CBE42C8756B700C887B6 /* XCRemoteSwiftPackageReference "nostr-sdk-ios" */;
			productName = NostrSDK;
		};
		C6CACFAC2C85184E00A164CE /* ExyteChat */ = {
			isa = XCSwiftPackageProductDependency;
			package = C6CACFAB2C85184E00A164CE /* XCRemoteSwiftPackageReference "Chat" */;
			productName = ExyteChat;
		};
/* End XCSwiftPackageProductDependency section */
	};
	rootObject = C6D722DE2C825F0C00F44FF6 /* Project object */;
}
