// !$*UTF8*$!
{
	archiveVersion = 1;
	classes = {
	};
	objectVersion = 56;
	objects = {

/* Begin PBXBuildFile section */
		C624DDCA2C939F920073F30F /* ConnectFramework.framework in Frameworks */ = {isa = PBXBuildFile; fileRef = C624DDC92C939F920073F30F /* ConnectFramework.framework */; };
		C624DDCB2C939F920073F30F /* ConnectFramework.framework in Embed Frameworks */ = {isa = PBXBuildFile; fileRef = C624DDC92C939F920073F30F /* ConnectFramework.framework */; settings = {ATTRIBUTES = (CodeSignOnCopy, RemoveHeadersOnCopy, ); }; };
		C62500D52C93C11A0026C334 /* AppData.swift in Sources */ = {isa = PBXBuildFile; fileRef = C62500D42C93C11A0026C334 /* AppData.swift */; };
		C62500DC2C93C1210026C334 /* AnyToken.swift in Sources */ = {isa = PBXBuildFile; fileRef = C62500D62C93C1210026C334 /* AnyToken.swift */; };
		C62500DD2C93C1210026C334 /* SolanaAccount.swift in Sources */ = {isa = PBXBuildFile; fileRef = C62500D72C93C1210026C334 /* SolanaAccount.swift */; };
		C62500DE2C93C1210026C334 /* SolanaToken.swift in Sources */ = {isa = PBXBuildFile; fileRef = C62500D82C93C1210026C334 /* SolanaToken.swift */; };
		C62500DF2C93C1210026C334 /* TokenPrice.swift in Sources */ = {isa = PBXBuildFile; fileRef = C62500D92C93C1210026C334 /* TokenPrice.swift */; };
		C62500E42C93C1250026C334 /* Color+hex.swift in Sources */ = {isa = PBXBuildFile; fileRef = C62500E02C93C1250026C334 /* Color+hex.swift */; };
		C62500E52C93C1250026C334 /* Date+Extensions.swift in Sources */ = {isa = PBXBuildFile; fileRef = C62500E12C93C1250026C334 /* Date+Extensions.swift */; };
		C62500E62C93C1250026C334 /* Sequence+asyncMap.swift in Sources */ = {isa = PBXBuildFile; fileRef = C62500E22C93C1250026C334 /* Sequence+asyncMap.swift */; };
		C62500E92C93C12A0026C334 /* DemoHelper.swift in Sources */ = {isa = PBXBuildFile; fileRef = C62500E72C93C12A0026C334 /* DemoHelper.swift */; };
		C625013A2C93C1340026C334 /* NostrKeyInput.swift in Sources */ = {isa = PBXBuildFile; fileRef = C62500EE2C93C1340026C334 /* NostrKeyInput.swift */; };
		C625013C2C93C1340026C334 /* FavoriteButton.swift in Sources */ = {isa = PBXBuildFile; fileRef = C62500F22C93C1340026C334 /* FavoriteButton.swift */; };
		C625013D2C93C1340026C334 /* MapView.swift in Sources */ = {isa = PBXBuildFile; fileRef = C62500F32C93C1340026C334 /* MapView.swift */; };
		C62501402C93C1340026C334 /* CreateChannel.swift in Sources */ = {isa = PBXBuildFile; fileRef = C62500F82C93C1340026C334 /* CreateChannel.swift */; };
		C62501412C93C1340026C334 /* DirectMessage.swift in Sources */ = {isa = PBXBuildFile; fileRef = C62500F92C93C1340026C334 /* DirectMessage.swift */; };
		C62501452C93C1340026C334 /* AddressBook.swift in Sources */ = {isa = PBXBuildFile; fileRef = C62500FE2C93C1340026C334 /* AddressBook.swift */; };
		C62501462C93C1340026C334 /* SpotRow.swift in Sources */ = {isa = PBXBuildFile; fileRef = C62500FF2C93C1340026C334 /* SpotRow.swift */; };
		C62501472C93C1340026C334 /* ProfileEditor.swift in Sources */ = {isa = PBXBuildFile; fileRef = C62501012C93C1340026C334 /* ProfileEditor.swift */; };
		C62501482C93C1340026C334 /* ProfileHost.swift in Sources */ = {isa = PBXBuildFile; fileRef = C62501022C93C1340026C334 /* ProfileHost.swift */; };
		C62501492C93C1340026C334 /* ProfileSummary.swift in Sources */ = {isa = PBXBuildFile; fileRef = C62501032C93C1340026C334 /* ProfileSummary.swift */; };
		C625014A2C93C1340026C334 /* ChannelView.swift in Sources */ = {isa = PBXBuildFile; fileRef = C62501052C93C1340026C334 /* ChannelView.swift */; };
		C625014B2C93C1340026C334 /* SpotDetail.swift in Sources */ = {isa = PBXBuildFile; fileRef = C62501062C93C1340026C334 /* SpotDetail.swift */; };
		C625014C2C93C1340026C334 /* UserDetail.swift in Sources */ = {isa = PBXBuildFile; fileRef = C62501082C93C1340026C334 /* UserDetail.swift */; };
		C625014D2C93C1340026C334 /* UserItem.swift in Sources */ = {isa = PBXBuildFile; fileRef = C62501092C93C1340026C334 /* UserItem.swift */; };
		C625014E2C93C1340026C334 /* UserRow.swift in Sources */ = {isa = PBXBuildFile; fileRef = C625010A2C93C1340026C334 /* UserRow.swift */; };
		C625014F2C93C1340026C334 /* Contacts.swift in Sources */ = {isa = PBXBuildFile; fileRef = C625010C2C93C1340026C334 /* Contacts.swift */; };
		C62501502C93C1340026C334 /* CreateMessage.swift in Sources */ = {isa = PBXBuildFile; fileRef = C625010D2C93C1340026C334 /* CreateMessage.swift */; };
		C62501512C93C1340026C334 /* LobbyView.swift in Sources */ = {isa = PBXBuildFile; fileRef = C625010E2C93C1340026C334 /* LobbyView.swift */; };
		C62501522C93C1340026C334 /* LandmarkDetail.swift in Sources */ = {isa = PBXBuildFile; fileRef = C62501102C93C1340026C334 /* LandmarkDetail.swift */; };
		C62501532C93C1340026C334 /* LandmarkDirectory.swift in Sources */ = {isa = PBXBuildFile; fileRef = C62501112C93C1340026C334 /* LandmarkDirectory.swift */; };
		C62501542C93C1340026C334 /* LandmarkRow.swift in Sources */ = {isa = PBXBuildFile; fileRef = C62501122C93C1340026C334 /* LandmarkRow.swift */; };
		C62501572C93C1340026C334 /* SkateView.swift in Sources */ = {isa = PBXBuildFile; fileRef = C62501162C93C1340026C334 /* SkateView.swift */; };
		C62501582C93C1340026C334 /* NostrKeychainStorage.swift in Sources */ = {isa = PBXBuildFile; fileRef = C62501182C93C1340026C334 /* NostrKeychainStorage.swift */; };
		C62501592C93C1340026C334 /* SolanaKeychainStorage.swift in Sources */ = {isa = PBXBuildFile; fileRef = C62501192C93C1340026C334 /* SolanaKeychainStorage.swift */; };
		C625015A2C93C1340026C334 /* ConnectRelay.swift in Sources */ = {isa = PBXBuildFile; fileRef = C625011B2C93C1340026C334 /* ConnectRelay.swift */; };
		C625015B2C93C1340026C334 /* ImportIdentity.swift in Sources */ = {isa = PBXBuildFile; fileRef = C625011C2C93C1340026C334 /* ImportIdentity.swift */; };
		C625015C2C93C1340026C334 /* ImportWallet.swift in Sources */ = {isa = PBXBuildFile; fileRef = C625011D2C93C1340026C334 /* ImportWallet.swift */; };
		C625015D2C93C1340026C334 /* TransferToken.swift in Sources */ = {isa = PBXBuildFile; fileRef = C625011E2C93C1340026C334 /* TransferToken.swift */; };
		C625015E2C93C1340026C334 /* WalletView.swift in Sources */ = {isa = PBXBuildFile; fileRef = C625011F2C93C1340026C334 /* WalletView.swift */; };
		C625015F2C93C1340026C334 /* ContentView.swift in Sources */ = {isa = PBXBuildFile; fileRef = C62501222C93C1340026C334 /* ContentView.swift */; };
		C62501672C93C1340026C334 /* Friend.swift in Sources */ = {isa = PBXBuildFile; fileRef = C625012D2C93C1340026C334 /* Friend.swift */; };
		C62501682C93C1340026C334 /* Spot.swift in Sources */ = {isa = PBXBuildFile; fileRef = C625012E2C93C1340026C334 /* Spot.swift */; };
		C625016A2C93C1340026C334 /* Host.swift in Sources */ = {isa = PBXBuildFile; fileRef = C62501312C93C1340026C334 /* Host.swift */; };
		C625016B2C93C1340026C334 /* HostStore.swift in Sources */ = {isa = PBXBuildFile; fileRef = C62501322C93C1340026C334 /* HostStore.swift */; };
		C625016C2C93C1340026C334 /* Landmark.swift in Sources */ = {isa = PBXBuildFile; fileRef = C62501332C93C1340026C334 /* Landmark.swift */; };
		C625016D2C93C1340026C334 /* Profile.swift in Sources */ = {isa = PBXBuildFile; fileRef = C62501342C93C1340026C334 /* Profile.swift */; };
		C625016E2C93C1340026C334 /* User.swift in Sources */ = {isa = PBXBuildFile; fileRef = C62501352C93C1340026C334 /* User.swift */; };
		C62B84F02CA527090086AEE0 /* CameraInputView.swift in Sources */ = {isa = PBXBuildFile; fileRef = C62B84EF2CA527090086AEE0 /* CameraInputView.swift */; };
		C62B84F32CA5D4230086AEE0 /* CameraView.swift in Sources */ = {isa = PBXBuildFile; fileRef = C62B84F22CA5D4230086AEE0 /* CameraView.swift */; };
		C62B84F52CA5E19B0086AEE0 /* VideoPreviewView.swift in Sources */ = {isa = PBXBuildFile; fileRef = C62B84F42CA5E19B0086AEE0 /* VideoPreviewView.swift */; };
		C642B2182C978571001022DF /* EULAView.swift in Sources */ = {isa = PBXBuildFile; fileRef = C642B2172C978571001022DF /* EULAView.swift */; };
		C668FC492C967A9600612BEA /* SolanaSwift in Frameworks */ = {isa = PBXBuildFile; productRef = C668FC482C967A9600612BEA /* SolanaSwift */; };
		C668FC4F2C967AAA00612BEA /* KeychainSwift in Frameworks */ = {isa = PBXBuildFile; productRef = C668FC4E2C967AAA00612BEA /* KeychainSwift */; };
		C668FC522C967AB600612BEA /* NostrSDK in Frameworks */ = {isa = PBXBuildFile; productRef = C668FC512C967AB600612BEA /* NostrSDK */; };
		C668FC582C967D6A00612BEA /* MessageKit in Frameworks */ = {isa = PBXBuildFile; productRef = C668FC572C967D6A00612BEA /* MessageKit */; };
		C66AFE812CA61671000CD716 /* AWSCognitoIdentityProvider in Frameworks */ = {isa = PBXBuildFile; productRef = C66AFE802CA61671000CD716 /* AWSCognitoIdentityProvider */; };
		C66AFE832CA61671000CD716 /* AWSS3 in Frameworks */ = {isa = PBXBuildFile; productRef = C66AFE822CA61671000CD716 /* AWSS3 */; };
		C66AFE862CA61C76000CD716 /* AWS.swift in Sources */ = {isa = PBXBuildFile; fileRef = C66AFE852CA61C76000CD716 /* AWS.swift */; };
		C66AFE8C2CA63755000CD716 /* Navigation.swift in Sources */ = {isa = PBXBuildFile; fileRef = C66AFE8B2CA63755000CD716 /* Navigation.swift */; };
		C66AFE902CA74DFB000CD716 /* Kingfisher in Frameworks */ = {isa = PBXBuildFile; productRef = C66AFE8F2CA74DFB000CD716 /* Kingfisher */; };
		C66AFE922CA7812C000CD716 /* Network.swift in Sources */ = {isa = PBXBuildFile; fileRef = C66AFE912CA7812C000CD716 /* Network.swift */; };
		C66AFE942CA7A067000CD716 /* Channel.swift in Sources */ = {isa = PBXBuildFile; fileRef = C66AFE932CA7A067000CD716 /* Channel.swift */; };
		C66AFE992CA7B8A6000CD716 /* VideoEditorView.swift in Sources */ = {isa = PBXBuildFile; fileRef = C66AFE982CA7B8A6000CD716 /* VideoEditorView.swift */; };
		C66E09632C9657A400C9F8F1 /* ChatView.swift in Sources */ = {isa = PBXBuildFile; fileRef = C66E09622C9657A400C9F8F1 /* ChatView.swift */; };
		C66E09662C96583800C9F8F1 /* Lorem.swift in Sources */ = {isa = PBXBuildFile; fileRef = C66E09642C96583800C9F8F1 /* Lorem.swift */; };
		C66E09672C96583800C9F8F1 /* SampleData.swift in Sources */ = {isa = PBXBuildFile; fileRef = C66E09652C96583800C9F8F1 /* SampleData.swift */; };
		C66E09702C96597A00C9F8F1 /* MockMessage.swift in Sources */ = {isa = PBXBuildFile; fileRef = C66E096A2C96597A00C9F8F1 /* MockMessage.swift */; };
		C66E09712C96597A00C9F8F1 /* MockSocket.swift in Sources */ = {isa = PBXBuildFile; fileRef = C66E096B2C96597A00C9F8F1 /* MockSocket.swift */; };
		C66E09722C96597A00C9F8F1 /* MockUser.swift in Sources */ = {isa = PBXBuildFile; fileRef = C66E096C2C96597A00C9F8F1 /* MockUser.swift */; };
		C69153CB2C9E27E80075ED6C /* NostrSDK in Frameworks */ = {isa = PBXBuildFile; productRef = C69153CA2C9E27E80075ED6C /* NostrSDK */; };
		C69DC22C2C96121E00A7ED67 /* NostrSDK in Frameworks */ = {isa = PBXBuildFile; productRef = C69DC22B2C96121E00A7ED67 /* NostrSDK */; };
		C6C94AE72CA885B1008ECA86 /* Lobby.swift in Sources */ = {isa = PBXBuildFile; fileRef = C6C94AE62CA885B1008ECA86 /* Lobby.swift */; };
		C6C94AE92CA8D731008ECA86 /* API.swift in Sources */ = {isa = PBXBuildFile; fileRef = C6C94AE82CA8D731008ECA86 /* API.swift */; };
		C6C94AEB2CA8DAE8008ECA86 /* AwsKeychainStorage.swift in Sources */ = {isa = PBXBuildFile; fileRef = C6C94AEA2CA8DAE8008ECA86 /* AwsKeychainStorage.swift */; };
		C6D1F2D92C9FBDBA00FF428F /* LocationManager.swift in Sources */ = {isa = PBXBuildFile; fileRef = C6D1F2D82C9FBDBA00FF428F /* LocationManager.swift */; };
		C6D1F2DC2C9FC3A700FF428F /* NostrSDK in Frameworks */ = {isa = PBXBuildFile; productRef = C6D1F2DB2C9FC3A700FF428F /* NostrSDK */; };
		C6D1F2DE2C9FC50900FF428F /* BarcodeScanner.swift in Sources */ = {isa = PBXBuildFile; fileRef = C6D1F2DD2C9FC50900FF428F /* BarcodeScanner.swift */; };
		C6D1F2E02C9FC52A00FF428F /* ScannerView.swift in Sources */ = {isa = PBXBuildFile; fileRef = C6D1F2DF2C9FC52A00FF428F /* ScannerView.swift */; };
		C6DC045E2CB47AAB003FCA1B /* FilePicker.swift in Sources */ = {isa = PBXBuildFile; fileRef = C6DC045D2CB47AAB003FCA1B /* FilePicker.swift */; };
		C6DC04612CB47DFA003FCA1B /* UploadManager.swift in Sources */ = {isa = PBXBuildFile; fileRef = C6DC04602CB47DFA003FCA1B /* UploadManager.swift */; };
		C6DC04642CB4B930003FCA1B /* InputBarAccessoryView in Frameworks */ = {isa = PBXBuildFile; productRef = C6DC04632CB4B930003FCA1B /* InputBarAccessoryView */; };
		C6DC04662CB4D8ED003FCA1B /* MessageHandler.swift in Sources */ = {isa = PBXBuildFile; fileRef = C6DC04652CB4D8ED003FCA1B /* MessageHandler.swift */; };
		C6DC04682CB5B720003FCA1B /* UI.swift in Sources */ = {isa = PBXBuildFile; fileRef = C6DC04672CB5B720003FCA1B /* UI.swift */; };
		C6DC046A2CB5BA00003FCA1B /* StateManager.swift in Sources */ = {isa = PBXBuildFile; fileRef = C6DC04692CB5BA00003FCA1B /* StateManager.swift */; };
		C6DC046C2CB5BFB0003FCA1B /* ChannelEventService.swift in Sources */ = {isa = PBXBuildFile; fileRef = C6DC046B2CB5BFB0003FCA1B /* ChannelEventService.swift */; };
		C6DCF46D2C93DEB200CA21ED /* Foe.swift in Sources */ = {isa = PBXBuildFile; fileRef = C6DCF46C2C93DEB200CA21ED /* Foe.swift */; };
		C6DCF46F2C93E32F00CA21ED /* Filters.swift in Sources */ = {isa = PBXBuildFile; fileRef = C6DCF46E2C93E32F00CA21ED /* Filters.swift */; };
		C6DCF4732C94000F00CA21ED /* EditChannel.swift in Sources */ = {isa = PBXBuildFile; fileRef = C6DCF4722C94000F00CA21ED /* EditChannel.swift */; };
		C6DCF4792C951B7700CA21ED /* SearchView.swift in Sources */ = {isa = PBXBuildFile; fileRef = C6DCF4782C951B7700CA21ED /* SearchView.swift */; };
		C6DDD7242C936DAE000BE2A4 /* SkateConnectApp.swift in Sources */ = {isa = PBXBuildFile; fileRef = C6DDD7232C936DAE000BE2A4 /* SkateConnectApp.swift */; };
		C6DDD72A2C936DAF000BE2A4 /* Assets.xcassets in Resources */ = {isa = PBXBuildFile; fileRef = C6DDD7292C936DAF000BE2A4 /* Assets.xcassets */; };
		C6DDD72D2C936DAF000BE2A4 /* Preview Assets.xcassets in Resources */ = {isa = PBXBuildFile; fileRef = C6DDD72C2C936DAF000BE2A4 /* Preview Assets.xcassets */; };
		C6DDD7372C936DAF000BE2A4 /* SkateConnectTests.swift in Sources */ = {isa = PBXBuildFile; fileRef = C6DDD7362C936DAF000BE2A4 /* SkateConnectTests.swift */; };
		C6DDD7412C936DAF000BE2A4 /* SkateConnectUITests.swift in Sources */ = {isa = PBXBuildFile; fileRef = C6DDD7402C936DAF000BE2A4 /* SkateConnectUITests.swift */; };
		C6DDD7432C936DAF000BE2A4 /* SkateConnectUITestsLaunchTests.swift in Sources */ = {isa = PBXBuildFile; fileRef = C6DDD7422C936DAF000BE2A4 /* SkateConnectUITestsLaunchTests.swift */; };
		C6E237132CAF51CC00CBCFA6 /* ToolBoxView.swift in Sources */ = {isa = PBXBuildFile; fileRef = C6E237122CAF51CC00CBCFA6 /* ToolBoxView.swift */; };
		C6E237152CB24B8F00CBCFA6 /* Wallet.swift in Sources */ = {isa = PBXBuildFile; fileRef = C6E237142CB24B8F00CBCFA6 /* Wallet.swift */; };
		C6F4959C2C93CF350006FBF0 /* CircleImage.swift in Sources */ = {isa = PBXBuildFile; fileRef = C6F4959B2C93CF350006FBF0 /* CircleImage.swift */; };
		C6F4959F2C93D34E0006FBF0 /* SettingsView.swift in Sources */ = {isa = PBXBuildFile; fileRef = C6F4959E2C93D34E0006FBF0 /* SettingsView.swift */; };
		C6F495A12C93D3C10006FBF0 /* WalletManager.swift in Sources */ = {isa = PBXBuildFile; fileRef = C6F495A02C93D3C10006FBF0 /* WalletManager.swift */; };
/* End PBXBuildFile section */

/* Begin PBXContainerItemProxy section */
		C672932A2C93BED9000191B2 /* PBXContainerItemProxy */ = {
			isa = PBXContainerItemProxy;
			containerPortal = C6A56C262C93A9510090D3E2 /* ConnectFramework.xcodeproj */;
			proxyType = 2;
			remoteGlobalIDString = C6F2F2AD2C939C8D00C3CDBA;
			remoteInfo = ConnectFramework;
		};
		C672932C2C93BED9000191B2 /* PBXContainerItemProxy */ = {
			isa = PBXContainerItemProxy;
			containerPortal = C6A56C262C93A9510090D3E2 /* ConnectFramework.xcodeproj */;
			proxyType = 2;
			remoteGlobalIDString = C6F2F2B72C939C8D00C3CDBA;
			remoteInfo = ConnectFrameworkTests;
		};
		C6DDD7332C936DAF000BE2A4 /* PBXContainerItemProxy */ = {
			isa = PBXContainerItemProxy;
			containerPortal = C6DDD7182C936DAE000BE2A4 /* Project object */;
			proxyType = 1;
			remoteGlobalIDString = C6DDD71F2C936DAE000BE2A4;
			remoteInfo = SkateConnect;
		};
		C6DDD73D2C936DAF000BE2A4 /* PBXContainerItemProxy */ = {
			isa = PBXContainerItemProxy;
			containerPortal = C6DDD7182C936DAE000BE2A4 /* Project object */;
			proxyType = 1;
			remoteGlobalIDString = C6DDD71F2C936DAE000BE2A4;
			remoteInfo = SkateConnect;
		};
/* End PBXContainerItemProxy section */

/* Begin PBXCopyFilesBuildPhase section */
		C624DDC82C939F820073F30F /* Embed Frameworks */ = {
			isa = PBXCopyFilesBuildPhase;
			buildActionMask = 2147483647;
			dstPath = "";
			dstSubfolderSpec = 10;
			files = (
				C624DDCB2C939F920073F30F /* ConnectFramework.framework in Embed Frameworks */,
			);
			name = "Embed Frameworks";
			runOnlyForDeploymentPostprocessing = 0;
		};
/* End PBXCopyFilesBuildPhase section */

/* Begin PBXFileReference section */
		C624DDC92C939F920073F30F /* ConnectFramework.framework */ = {isa = PBXFileReference; explicitFileType = wrapper.framework; path = ConnectFramework.framework; sourceTree = BUILT_PRODUCTS_DIR; };
		C62500D42C93C11A0026C334 /* AppData.swift */ = {isa = PBXFileReference; fileEncoding = 4; lastKnownFileType = sourcecode.swift; path = AppData.swift; sourceTree = "<group>"; };
		C62500D62C93C1210026C334 /* AnyToken.swift */ = {isa = PBXFileReference; fileEncoding = 4; lastKnownFileType = sourcecode.swift; path = AnyToken.swift; sourceTree = "<group>"; };
		C62500D72C93C1210026C334 /* SolanaAccount.swift */ = {isa = PBXFileReference; fileEncoding = 4; lastKnownFileType = sourcecode.swift; path = SolanaAccount.swift; sourceTree = "<group>"; };
		C62500D82C93C1210026C334 /* SolanaToken.swift */ = {isa = PBXFileReference; fileEncoding = 4; lastKnownFileType = sourcecode.swift; path = SolanaToken.swift; sourceTree = "<group>"; };
		C62500D92C93C1210026C334 /* TokenPrice.swift */ = {isa = PBXFileReference; fileEncoding = 4; lastKnownFileType = sourcecode.swift; path = TokenPrice.swift; sourceTree = "<group>"; };
		C62500E02C93C1250026C334 /* Color+hex.swift */ = {isa = PBXFileReference; fileEncoding = 4; lastKnownFileType = sourcecode.swift; path = "Color+hex.swift"; sourceTree = "<group>"; };
		C62500E12C93C1250026C334 /* Date+Extensions.swift */ = {isa = PBXFileReference; fileEncoding = 4; lastKnownFileType = sourcecode.swift; path = "Date+Extensions.swift"; sourceTree = "<group>"; };
		C62500E22C93C1250026C334 /* Sequence+asyncMap.swift */ = {isa = PBXFileReference; fileEncoding = 4; lastKnownFileType = sourcecode.swift; path = "Sequence+asyncMap.swift"; sourceTree = "<group>"; };
		C62500E72C93C12A0026C334 /* DemoHelper.swift */ = {isa = PBXFileReference; fileEncoding = 4; lastKnownFileType = sourcecode.swift; path = DemoHelper.swift; sourceTree = "<group>"; };
		C62500EE2C93C1340026C334 /* NostrKeyInput.swift */ = {isa = PBXFileReference; fileEncoding = 4; lastKnownFileType = sourcecode.swift; path = NostrKeyInput.swift; sourceTree = "<group>"; };
		C62500F22C93C1340026C334 /* FavoriteButton.swift */ = {isa = PBXFileReference; fileEncoding = 4; lastKnownFileType = sourcecode.swift; path = FavoriteButton.swift; sourceTree = "<group>"; };
		C62500F32C93C1340026C334 /* MapView.swift */ = {isa = PBXFileReference; fileEncoding = 4; lastKnownFileType = sourcecode.swift; path = MapView.swift; sourceTree = "<group>"; };
		C62500F82C93C1340026C334 /* CreateChannel.swift */ = {isa = PBXFileReference; fileEncoding = 4; lastKnownFileType = sourcecode.swift; path = CreateChannel.swift; sourceTree = "<group>"; };
		C62500F92C93C1340026C334 /* DirectMessage.swift */ = {isa = PBXFileReference; fileEncoding = 4; lastKnownFileType = sourcecode.swift; path = DirectMessage.swift; sourceTree = "<group>"; };
		C62500FE2C93C1340026C334 /* AddressBook.swift */ = {isa = PBXFileReference; fileEncoding = 4; lastKnownFileType = sourcecode.swift; path = AddressBook.swift; sourceTree = "<group>"; };
		C62500FF2C93C1340026C334 /* SpotRow.swift */ = {isa = PBXFileReference; fileEncoding = 4; lastKnownFileType = sourcecode.swift; path = SpotRow.swift; sourceTree = "<group>"; };
		C62501012C93C1340026C334 /* ProfileEditor.swift */ = {isa = PBXFileReference; fileEncoding = 4; lastKnownFileType = sourcecode.swift; path = ProfileEditor.swift; sourceTree = "<group>"; };
		C62501022C93C1340026C334 /* ProfileHost.swift */ = {isa = PBXFileReference; fileEncoding = 4; lastKnownFileType = sourcecode.swift; path = ProfileHost.swift; sourceTree = "<group>"; };
		C62501032C93C1340026C334 /* ProfileSummary.swift */ = {isa = PBXFileReference; fileEncoding = 4; lastKnownFileType = sourcecode.swift; path = ProfileSummary.swift; sourceTree = "<group>"; };
		C62501052C93C1340026C334 /* ChannelView.swift */ = {isa = PBXFileReference; fileEncoding = 4; lastKnownFileType = sourcecode.swift; path = ChannelView.swift; sourceTree = "<group>"; };
		C62501062C93C1340026C334 /* SpotDetail.swift */ = {isa = PBXFileReference; fileEncoding = 4; lastKnownFileType = sourcecode.swift; path = SpotDetail.swift; sourceTree = "<group>"; };
		C62501082C93C1340026C334 /* UserDetail.swift */ = {isa = PBXFileReference; fileEncoding = 4; lastKnownFileType = sourcecode.swift; path = UserDetail.swift; sourceTree = "<group>"; };
		C62501092C93C1340026C334 /* UserItem.swift */ = {isa = PBXFileReference; fileEncoding = 4; lastKnownFileType = sourcecode.swift; path = UserItem.swift; sourceTree = "<group>"; };
		C625010A2C93C1340026C334 /* UserRow.swift */ = {isa = PBXFileReference; fileEncoding = 4; lastKnownFileType = sourcecode.swift; path = UserRow.swift; sourceTree = "<group>"; };
		C625010C2C93C1340026C334 /* Contacts.swift */ = {isa = PBXFileReference; fileEncoding = 4; lastKnownFileType = sourcecode.swift; path = Contacts.swift; sourceTree = "<group>"; };
		C625010D2C93C1340026C334 /* CreateMessage.swift */ = {isa = PBXFileReference; fileEncoding = 4; lastKnownFileType = sourcecode.swift; path = CreateMessage.swift; sourceTree = "<group>"; };
		C625010E2C93C1340026C334 /* LobbyView.swift */ = {isa = PBXFileReference; fileEncoding = 4; lastKnownFileType = sourcecode.swift; path = LobbyView.swift; sourceTree = "<group>"; };
		C62501102C93C1340026C334 /* LandmarkDetail.swift */ = {isa = PBXFileReference; fileEncoding = 4; lastKnownFileType = sourcecode.swift; path = LandmarkDetail.swift; sourceTree = "<group>"; };
		C62501112C93C1340026C334 /* LandmarkDirectory.swift */ = {isa = PBXFileReference; fileEncoding = 4; lastKnownFileType = sourcecode.swift; path = LandmarkDirectory.swift; sourceTree = "<group>"; };
		C62501122C93C1340026C334 /* LandmarkRow.swift */ = {isa = PBXFileReference; fileEncoding = 4; lastKnownFileType = sourcecode.swift; path = LandmarkRow.swift; sourceTree = "<group>"; };
		C62501162C93C1340026C334 /* SkateView.swift */ = {isa = PBXFileReference; fileEncoding = 4; lastKnownFileType = sourcecode.swift; path = SkateView.swift; sourceTree = "<group>"; };
		C62501182C93C1340026C334 /* NostrKeychainStorage.swift */ = {isa = PBXFileReference; fileEncoding = 4; lastKnownFileType = sourcecode.swift; path = NostrKeychainStorage.swift; sourceTree = "<group>"; };
		C62501192C93C1340026C334 /* SolanaKeychainStorage.swift */ = {isa = PBXFileReference; fileEncoding = 4; lastKnownFileType = sourcecode.swift; path = SolanaKeychainStorage.swift; sourceTree = "<group>"; };
		C625011B2C93C1340026C334 /* ConnectRelay.swift */ = {isa = PBXFileReference; fileEncoding = 4; lastKnownFileType = sourcecode.swift; path = ConnectRelay.swift; sourceTree = "<group>"; };
		C625011C2C93C1340026C334 /* ImportIdentity.swift */ = {isa = PBXFileReference; fileEncoding = 4; lastKnownFileType = sourcecode.swift; path = ImportIdentity.swift; sourceTree = "<group>"; };
		C625011D2C93C1340026C334 /* ImportWallet.swift */ = {isa = PBXFileReference; fileEncoding = 4; lastKnownFileType = sourcecode.swift; path = ImportWallet.swift; sourceTree = "<group>"; };
		C625011E2C93C1340026C334 /* TransferToken.swift */ = {isa = PBXFileReference; fileEncoding = 4; lastKnownFileType = sourcecode.swift; path = TransferToken.swift; sourceTree = "<group>"; };
		C625011F2C93C1340026C334 /* WalletView.swift */ = {isa = PBXFileReference; fileEncoding = 4; lastKnownFileType = sourcecode.swift; path = WalletView.swift; sourceTree = "<group>"; };
		C62501222C93C1340026C334 /* ContentView.swift */ = {isa = PBXFileReference; fileEncoding = 4; lastKnownFileType = sourcecode.swift; path = ContentView.swift; sourceTree = "<group>"; };
		C62501242C93C1340026C334 /* Info.plist */ = {isa = PBXFileReference; fileEncoding = 4; lastKnownFileType = text.plist.xml; path = Info.plist; sourceTree = "<group>"; };
		C625012D2C93C1340026C334 /* Friend.swift */ = {isa = PBXFileReference; fileEncoding = 4; lastKnownFileType = sourcecode.swift; path = Friend.swift; sourceTree = "<group>"; };
		C625012E2C93C1340026C334 /* Spot.swift */ = {isa = PBXFileReference; fileEncoding = 4; lastKnownFileType = sourcecode.swift; path = Spot.swift; sourceTree = "<group>"; };
		C62501312C93C1340026C334 /* Host.swift */ = {isa = PBXFileReference; fileEncoding = 4; lastKnownFileType = sourcecode.swift; path = Host.swift; sourceTree = "<group>"; };
		C62501322C93C1340026C334 /* HostStore.swift */ = {isa = PBXFileReference; fileEncoding = 4; lastKnownFileType = sourcecode.swift; path = HostStore.swift; sourceTree = "<group>"; };
		C62501332C93C1340026C334 /* Landmark.swift */ = {isa = PBXFileReference; fileEncoding = 4; lastKnownFileType = sourcecode.swift; path = Landmark.swift; sourceTree = "<group>"; };
		C62501342C93C1340026C334 /* Profile.swift */ = {isa = PBXFileReference; fileEncoding = 4; lastKnownFileType = sourcecode.swift; path = Profile.swift; sourceTree = "<group>"; };
		C62501352C93C1340026C334 /* User.swift */ = {isa = PBXFileReference; fileEncoding = 4; lastKnownFileType = sourcecode.swift; path = User.swift; sourceTree = "<group>"; };
		C62B84EF2CA527090086AEE0 /* CameraInputView.swift */ = {isa = PBXFileReference; lastKnownFileType = sourcecode.swift; path = CameraInputView.swift; sourceTree = "<group>"; };
		C62B84F22CA5D4230086AEE0 /* CameraView.swift */ = {isa = PBXFileReference; lastKnownFileType = sourcecode.swift; path = CameraView.swift; sourceTree = "<group>"; };
		C62B84F42CA5E19B0086AEE0 /* VideoPreviewView.swift */ = {isa = PBXFileReference; lastKnownFileType = sourcecode.swift; path = VideoPreviewView.swift; sourceTree = "<group>"; };
		C642B2172C978571001022DF /* EULAView.swift */ = {isa = PBXFileReference; lastKnownFileType = sourcecode.swift; path = EULAView.swift; sourceTree = "<group>"; };
		C66AFE852CA61C76000CD716 /* AWS.swift */ = {isa = PBXFileReference; lastKnownFileType = sourcecode.swift; path = AWS.swift; sourceTree = "<group>"; };
		C66AFE8B2CA63755000CD716 /* Navigation.swift */ = {isa = PBXFileReference; lastKnownFileType = sourcecode.swift; path = Navigation.swift; sourceTree = "<group>"; };
		C66AFE912CA7812C000CD716 /* Network.swift */ = {isa = PBXFileReference; lastKnownFileType = sourcecode.swift; path = Network.swift; sourceTree = "<group>"; };
		C66AFE932CA7A067000CD716 /* Channel.swift */ = {isa = PBXFileReference; lastKnownFileType = sourcecode.swift; path = Channel.swift; sourceTree = "<group>"; };
		C66AFE982CA7B8A6000CD716 /* VideoEditorView.swift */ = {isa = PBXFileReference; lastKnownFileType = sourcecode.swift; path = VideoEditorView.swift; sourceTree = "<group>"; };
		C66E09622C9657A400C9F8F1 /* ChatView.swift */ = {isa = PBXFileReference; lastKnownFileType = sourcecode.swift; path = ChatView.swift; sourceTree = "<group>"; };
		C66E09642C96583800C9F8F1 /* Lorem.swift */ = {isa = PBXFileReference; fileEncoding = 4; lastKnownFileType = sourcecode.swift; path = Lorem.swift; sourceTree = "<group>"; };
		C66E09652C96583800C9F8F1 /* SampleData.swift */ = {isa = PBXFileReference; fileEncoding = 4; lastKnownFileType = sourcecode.swift; path = SampleData.swift; sourceTree = "<group>"; };
		C66E096A2C96597A00C9F8F1 /* MockMessage.swift */ = {isa = PBXFileReference; fileEncoding = 4; lastKnownFileType = sourcecode.swift; path = MockMessage.swift; sourceTree = "<group>"; };
		C66E096B2C96597A00C9F8F1 /* MockSocket.swift */ = {isa = PBXFileReference; fileEncoding = 4; lastKnownFileType = sourcecode.swift; path = MockSocket.swift; sourceTree = "<group>"; };
		C66E096C2C96597A00C9F8F1 /* MockUser.swift */ = {isa = PBXFileReference; fileEncoding = 4; lastKnownFileType = sourcecode.swift; path = MockUser.swift; sourceTree = "<group>"; };
		C6A56C262C93A9510090D3E2 /* ConnectFramework.xcodeproj */ = {isa = PBXFileReference; lastKnownFileType = "wrapper.pb-project"; name = ConnectFramework.xcodeproj; path = ../ConnectFramework/ConnectFramework.xcodeproj; sourceTree = "<group>"; };
		C6C94AE62CA885B1008ECA86 /* Lobby.swift */ = {isa = PBXFileReference; lastKnownFileType = sourcecode.swift; path = Lobby.swift; sourceTree = "<group>"; };
		C6C94AE82CA8D731008ECA86 /* API.swift */ = {isa = PBXFileReference; lastKnownFileType = sourcecode.swift; path = API.swift; sourceTree = "<group>"; };
		C6C94AEA2CA8DAE8008ECA86 /* AwsKeychainStorage.swift */ = {isa = PBXFileReference; lastKnownFileType = sourcecode.swift; path = AwsKeychainStorage.swift; sourceTree = "<group>"; };
		C6D1F2D82C9FBDBA00FF428F /* LocationManager.swift */ = {isa = PBXFileReference; lastKnownFileType = sourcecode.swift; path = LocationManager.swift; sourceTree = "<group>"; };
		C6D1F2DD2C9FC50900FF428F /* BarcodeScanner.swift */ = {isa = PBXFileReference; lastKnownFileType = sourcecode.swift; path = BarcodeScanner.swift; sourceTree = "<group>"; };
		C6D1F2DF2C9FC52A00FF428F /* ScannerView.swift */ = {isa = PBXFileReference; lastKnownFileType = sourcecode.swift; path = ScannerView.swift; sourceTree = "<group>"; };
		C6DC045D2CB47AAB003FCA1B /* FilePicker.swift */ = {isa = PBXFileReference; lastKnownFileType = sourcecode.swift; path = FilePicker.swift; sourceTree = "<group>"; };
		C6DC04602CB47DFA003FCA1B /* UploadManager.swift */ = {isa = PBXFileReference; lastKnownFileType = sourcecode.swift; path = UploadManager.swift; sourceTree = "<group>"; };
		C6DC04652CB4D8ED003FCA1B /* MessageHandler.swift */ = {isa = PBXFileReference; lastKnownFileType = sourcecode.swift; path = MessageHandler.swift; sourceTree = "<group>"; };
		C6DC04672CB5B720003FCA1B /* UI.swift */ = {isa = PBXFileReference; lastKnownFileType = sourcecode.swift; path = UI.swift; sourceTree = "<group>"; };
		C6DC04692CB5BA00003FCA1B /* StateManager.swift */ = {isa = PBXFileReference; lastKnownFileType = sourcecode.swift; path = StateManager.swift; sourceTree = "<group>"; };
		C6DC046B2CB5BFB0003FCA1B /* ChannelEventService.swift */ = {isa = PBXFileReference; lastKnownFileType = sourcecode.swift; path = ChannelEventService.swift; sourceTree = "<group>"; };
		C6DCF46C2C93DEB200CA21ED /* Foe.swift */ = {isa = PBXFileReference; lastKnownFileType = sourcecode.swift; path = Foe.swift; sourceTree = "<group>"; };
		C6DCF46E2C93E32F00CA21ED /* Filters.swift */ = {isa = PBXFileReference; lastKnownFileType = sourcecode.swift; path = Filters.swift; sourceTree = "<group>"; };
		C6DCF4722C94000F00CA21ED /* EditChannel.swift */ = {isa = PBXFileReference; lastKnownFileType = sourcecode.swift; path = EditChannel.swift; sourceTree = "<group>"; };
		C6DCF4782C951B7700CA21ED /* SearchView.swift */ = {isa = PBXFileReference; lastKnownFileType = sourcecode.swift; path = SearchView.swift; sourceTree = "<group>"; };
		C6DDD7202C936DAE000BE2A4 /* SkateConnect.app */ = {isa = PBXFileReference; explicitFileType = wrapper.application; includeInIndex = 0; path = SkateConnect.app; sourceTree = BUILT_PRODUCTS_DIR; };
		C6DDD7232C936DAE000BE2A4 /* SkateConnectApp.swift */ = {isa = PBXFileReference; lastKnownFileType = sourcecode.swift; path = SkateConnectApp.swift; sourceTree = "<group>"; };
		C6DDD7292C936DAF000BE2A4 /* Assets.xcassets */ = {isa = PBXFileReference; lastKnownFileType = folder.assetcatalog; path = Assets.xcassets; sourceTree = "<group>"; };
		C6DDD72C2C936DAF000BE2A4 /* Preview Assets.xcassets */ = {isa = PBXFileReference; lastKnownFileType = folder.assetcatalog; path = "Preview Assets.xcassets"; sourceTree = "<group>"; };
		C6DDD7322C936DAF000BE2A4 /* SkateConnectTests.xctest */ = {isa = PBXFileReference; explicitFileType = wrapper.cfbundle; includeInIndex = 0; path = SkateConnectTests.xctest; sourceTree = BUILT_PRODUCTS_DIR; };
		C6DDD7362C936DAF000BE2A4 /* SkateConnectTests.swift */ = {isa = PBXFileReference; lastKnownFileType = sourcecode.swift; path = SkateConnectTests.swift; sourceTree = "<group>"; };
		C6DDD73C2C936DAF000BE2A4 /* SkateConnectUITests.xctest */ = {isa = PBXFileReference; explicitFileType = wrapper.cfbundle; includeInIndex = 0; path = SkateConnectUITests.xctest; sourceTree = BUILT_PRODUCTS_DIR; };
		C6DDD7402C936DAF000BE2A4 /* SkateConnectUITests.swift */ = {isa = PBXFileReference; lastKnownFileType = sourcecode.swift; path = SkateConnectUITests.swift; sourceTree = "<group>"; };
		C6DDD7422C936DAF000BE2A4 /* SkateConnectUITestsLaunchTests.swift */ = {isa = PBXFileReference; lastKnownFileType = sourcecode.swift; path = SkateConnectUITestsLaunchTests.swift; sourceTree = "<group>"; };
		C6E237122CAF51CC00CBCFA6 /* ToolBoxView.swift */ = {isa = PBXFileReference; lastKnownFileType = sourcecode.swift; path = ToolBoxView.swift; sourceTree = "<group>"; };
		C6E237142CB24B8F00CBCFA6 /* Wallet.swift */ = {isa = PBXFileReference; lastKnownFileType = sourcecode.swift; path = Wallet.swift; sourceTree = "<group>"; };
		C6F4959B2C93CF350006FBF0 /* CircleImage.swift */ = {isa = PBXFileReference; fileEncoding = 4; lastKnownFileType = sourcecode.swift; path = CircleImage.swift; sourceTree = "<group>"; };
		C6F4959E2C93D34E0006FBF0 /* SettingsView.swift */ = {isa = PBXFileReference; lastKnownFileType = sourcecode.swift; path = SettingsView.swift; sourceTree = "<group>"; };
		C6F495A02C93D3C10006FBF0 /* WalletManager.swift */ = {isa = PBXFileReference; lastKnownFileType = sourcecode.swift; path = WalletManager.swift; sourceTree = "<group>"; };
/* End PBXFileReference section */

/* Begin PBXFrameworksBuildPhase section */
		C6DDD71D2C936DAE000BE2A4 /* Frameworks */ = {
			isa = PBXFrameworksBuildPhase;
			buildActionMask = 2147483647;
			files = (
				C66AFE902CA74DFB000CD716 /* Kingfisher in Frameworks */,
				C6DC04642CB4B930003FCA1B /* InputBarAccessoryView in Frameworks */,
				C66AFE832CA61671000CD716 /* AWSS3 in Frameworks */,
				C69153CB2C9E27E80075ED6C /* NostrSDK in Frameworks */,
				C6D1F2DC2C9FC3A700FF428F /* NostrSDK in Frameworks */,
				C66AFE812CA61671000CD716 /* AWSCognitoIdentityProvider in Frameworks */,
				C668FC492C967A9600612BEA /* SolanaSwift in Frameworks */,
				C668FC522C967AB600612BEA /* NostrSDK in Frameworks */,
				C668FC582C967D6A00612BEA /* MessageKit in Frameworks */,
				C668FC4F2C967AAA00612BEA /* KeychainSwift in Frameworks */,
				C624DDCA2C939F920073F30F /* ConnectFramework.framework in Frameworks */,
				C69DC22C2C96121E00A7ED67 /* NostrSDK in Frameworks */,
			);
			runOnlyForDeploymentPostprocessing = 0;
		};
		C6DDD72F2C936DAF000BE2A4 /* Frameworks */ = {
			isa = PBXFrameworksBuildPhase;
			buildActionMask = 2147483647;
			files = (
			);
			runOnlyForDeploymentPostprocessing = 0;
		};
		C6DDD7392C936DAF000BE2A4 /* Frameworks */ = {
			isa = PBXFrameworksBuildPhase;
			buildActionMask = 2147483647;
			files = (
			);
			runOnlyForDeploymentPostprocessing = 0;
		};
/* End PBXFrameworksBuildPhase section */

/* Begin PBXGroup section */
		C62500DA2C93C1210026C334 /* Solana */ = {
			isa = PBXGroup;
			children = (
				C62500D62C93C1210026C334 /* AnyToken.swift */,
				C62500D72C93C1210026C334 /* SolanaAccount.swift */,
				C62500D82C93C1210026C334 /* SolanaToken.swift */,
				C62500D92C93C1210026C334 /* TokenPrice.swift */,
			);
			path = Solana;
			sourceTree = "<group>";
		};
		C62500DB2C93C1210026C334 /* Blockchain */ = {
			isa = PBXGroup;
			children = (
				C62500DA2C93C1210026C334 /* Solana */,
			);
			path = Blockchain;
			sourceTree = "<group>";
		};
		C62500E32C93C1250026C334 /* Extensions */ = {
			isa = PBXGroup;
			children = (
				C62500E02C93C1250026C334 /* Color+hex.swift */,
				C62500E12C93C1250026C334 /* Date+Extensions.swift */,
				C62500E22C93C1250026C334 /* Sequence+asyncMap.swift */,
			);
			path = Extensions;
			sourceTree = "<group>";
		};
		C62500E82C93C12A0026C334 /* Helpers */ = {
			isa = PBXGroup;
			children = (
				C62500E72C93C12A0026C334 /* DemoHelper.swift */,
			);
			path = Helpers;
			sourceTree = "<group>";
		};
		C62500EF2C93C1340026C334 /* Nostr */ = {
			isa = PBXGroup;
			children = (
				C62500EE2C93C1340026C334 /* NostrKeyInput.swift */,
			);
			path = Nostr;
			sourceTree = "<group>";
		};
		C62500F02C93C1340026C334 /* Debug */ = {
			isa = PBXGroup;
			children = (
				C66E096D2C96597A00C9F8F1 /* Models */,
				C62500EF2C93C1340026C334 /* Nostr */,
			);
			path = Debug;
			sourceTree = "<group>";
		};
		C62500F42C93C1340026C334 /* Helper */ = {
			isa = PBXGroup;
			children = (
				C6F4959B2C93CF350006FBF0 /* CircleImage.swift */,
				C62500F22C93C1340026C334 /* FavoriteButton.swift */,
				C62500F32C93C1340026C334 /* MapView.swift */,
			);
			path = Helper;
			sourceTree = "<group>";
		};
		C62500FD2C93C1340026C334 /* Chat */ = {
			isa = PBXGroup;
			children = (
				C62500F82C93C1340026C334 /* CreateChannel.swift */,
				C62500F92C93C1340026C334 /* DirectMessage.swift */,
				C6DC04652CB4D8ED003FCA1B /* MessageHandler.swift */,
			);
			path = Chat;
			sourceTree = "<group>";
		};
		C62501002C93C1340026C334 /* AddressBook */ = {
			isa = PBXGroup;
			children = (
				C62500FE2C93C1340026C334 /* AddressBook.swift */,
				C62500FF2C93C1340026C334 /* SpotRow.swift */,
			);
			path = AddressBook;
			sourceTree = "<group>";
		};
		C62501042C93C1340026C334 /* Profile */ = {
			isa = PBXGroup;
			children = (
				C62501012C93C1340026C334 /* ProfileEditor.swift */,
				C62501022C93C1340026C334 /* ProfileHost.swift */,
				C62501032C93C1340026C334 /* ProfileSummary.swift */,
			);
			path = Profile;
			sourceTree = "<group>";
		};
		C62501072C93C1340026C334 /* Channel */ = {
			isa = PBXGroup;
			children = (
				C6DCF4722C94000F00CA21ED /* EditChannel.swift */,
				C62501052C93C1340026C334 /* ChannelView.swift */,
				C62501062C93C1340026C334 /* SpotDetail.swift */,
				C66E09622C9657A400C9F8F1 /* ChatView.swift */,
				C6DC046B2CB5BFB0003FCA1B /* ChannelEventService.swift */,
			);
			path = Channel;
			sourceTree = "<group>";
		};
		C625010B2C93C1340026C334 /* Users */ = {
			isa = PBXGroup;
			children = (
				C62501082C93C1340026C334 /* UserDetail.swift */,
				C62501092C93C1340026C334 /* UserItem.swift */,
				C625010A2C93C1340026C334 /* UserRow.swift */,
			);
			path = Users;
			sourceTree = "<group>";
		};
		C625010F2C93C1340026C334 /* Lobby */ = {
			isa = PBXGroup;
			children = (
				C62501002C93C1340026C334 /* AddressBook */,
				C62501042C93C1340026C334 /* Profile */,
				C625010B2C93C1340026C334 /* Users */,
				C625010C2C93C1340026C334 /* Contacts.swift */,
				C625010D2C93C1340026C334 /* CreateMessage.swift */,
				C625010E2C93C1340026C334 /* LobbyView.swift */,
				C6DCF46E2C93E32F00CA21ED /* Filters.swift */,
			);
			path = Lobby;
			sourceTree = "<group>";
		};
		C62501132C93C1340026C334 /* LandmarkDirectory */ = {
			isa = PBXGroup;
			children = (
				C62501102C93C1340026C334 /* LandmarkDetail.swift */,
				C62501112C93C1340026C334 /* LandmarkDirectory.swift */,
				C62501122C93C1340026C334 /* LandmarkRow.swift */,
			);
			path = LandmarkDirectory;
			sourceTree = "<group>";
		};
		C62501172C93C1340026C334 /* Skate */ = {
			isa = PBXGroup;
			children = (
				C66AFE8D2CA749B3000CD716 /* Map */,
				C62501072C93C1340026C334 /* Channel */,
				C62501132C93C1340026C334 /* LandmarkDirectory */,
				C62501162C93C1340026C334 /* SkateView.swift */,
				C6DCF4782C951B7700CA21ED /* SearchView.swift */,
				C6E237122CAF51CC00CBCFA6 /* ToolBoxView.swift */,
				C6DC04672CB5B720003FCA1B /* UI.swift */,
				C6DC04692CB5BA00003FCA1B /* StateManager.swift */,
			);
			path = Skate;
			sourceTree = "<group>";
		};
		C625011A2C93C1340026C334 /* Keychain */ = {
			isa = PBXGroup;
			children = (
				C62501182C93C1340026C334 /* NostrKeychainStorage.swift */,
				C62501192C93C1340026C334 /* SolanaKeychainStorage.swift */,
				C6C94AEA2CA8DAE8008ECA86 /* AwsKeychainStorage.swift */,
			);
			path = Keychain;
			sourceTree = "<group>";
		};
		C62501202C93C1340026C334 /* Wallet */ = {
			isa = PBXGroup;
			children = (
				C625011D2C93C1340026C334 /* ImportWallet.swift */,
				C625011E2C93C1340026C334 /* TransferToken.swift */,
				C625011F2C93C1340026C334 /* WalletView.swift */,
				C6F495A02C93D3C10006FBF0 /* WalletManager.swift */,
				C6E237142CB24B8F00CBCFA6 /* Wallet.swift */,
			);
			path = Wallet;
			sourceTree = "<group>";
		};
		C62501212C93C1340026C334 /* Skatepark */ = {
			isa = PBXGroup;
			children = (
				C642B2142C97854A001022DF /* EULA */,
				C6F4959D2C93D3200006FBF0 /* Settings */,
				C62500FD2C93C1340026C334 /* Chat */,
				C625010F2C93C1340026C334 /* Lobby */,
				C62501172C93C1340026C334 /* Skate */,
				C62501202C93C1340026C334 /* Wallet */,
			);
			path = Skatepark;
			sourceTree = "<group>";
		};
		C62501232C93C1340026C334 /* Views */ = {
			isa = PBXGroup;
			children = (
				C6DC045F2CB47DDC003FCA1B /* Files */,
				C6E237112CAC75DD00CBCFA6 /* Video */,
				C66AFE842CA61C65000CD716 /* AWS */,
				C62B84F12CA5D4100086AEE0 /* Camera */,
				C62500F02C93C1340026C334 /* Debug */,
				C62500F42C93C1340026C334 /* Helper */,
				C62501212C93C1340026C334 /* Skatepark */,
				C62501222C93C1340026C334 /* ContentView.swift */,
			);
			path = Views;
			sourceTree = "<group>";
		};
		C625012F2C93C1340026C334 /* Data */ = {
			isa = PBXGroup;
			children = (
				C625012D2C93C1340026C334 /* Friend.swift */,
				C625012E2C93C1340026C334 /* Spot.swift */,
				C6DCF46C2C93DEB200CA21ED /* Foe.swift */,
			);
			path = Data;
			sourceTree = "<group>";
		};
		C62501362C93C1340026C334 /* Model */ = {
			isa = PBXGroup;
			children = (
				C625012F2C93C1340026C334 /* Data */,
				C62501312C93C1340026C334 /* Host.swift */,
				C62501322C93C1340026C334 /* HostStore.swift */,
				C62501332C93C1340026C334 /* Landmark.swift */,
				C62501342C93C1340026C334 /* Profile.swift */,
				C62501352C93C1340026C334 /* User.swift */,
				C66AFE932CA7A067000CD716 /* Channel.swift */,
				C6C94AE62CA885B1008ECA86 /* Lobby.swift */,
			);
			path = Model;
			sourceTree = "<group>";
		};
		C62B84F12CA5D4100086AEE0 /* Camera */ = {
			isa = PBXGroup;
			children = (
				C66AFE892CA63138000CD716 /* Barcode */,
				C62B84EF2CA527090086AEE0 /* CameraInputView.swift */,
				C62B84F22CA5D4230086AEE0 /* CameraView.swift */,
			);
			path = Camera;
			sourceTree = "<group>";
		};
		C642B2142C97854A001022DF /* EULA */ = {
			isa = PBXGroup;
			children = (
				C642B2172C978571001022DF /* EULAView.swift */,
			);
			path = EULA;
			sourceTree = "<group>";
		};
		C66AFE842CA61C65000CD716 /* AWS */ = {
			isa = PBXGroup;
			children = (
				C66AFE852CA61C76000CD716 /* AWS.swift */,
			);
			path = AWS;
			sourceTree = "<group>";
		};
		C66AFE892CA63138000CD716 /* Barcode */ = {
			isa = PBXGroup;
			children = (
				C6D1F2DF2C9FC52A00FF428F /* ScannerView.swift */,
				C6D1F2DD2C9FC50900FF428F /* BarcodeScanner.swift */,
			);
			path = Barcode;
			sourceTree = "<group>";
		};
		C66AFE8A2CA63749000CD716 /* Managers */ = {
			isa = PBXGroup;
			children = (
				C66AFE8B2CA63755000CD716 /* Navigation.swift */,
				C66AFE912CA7812C000CD716 /* Network.swift */,
				C6C94AE82CA8D731008ECA86 /* API.swift */,
			);
			path = Managers;
			sourceTree = "<group>";
		};
		C66AFE8D2CA749B3000CD716 /* Map */ = {
			isa = PBXGroup;
			children = (
				C6D1F2D82C9FBDBA00FF428F /* LocationManager.swift */,
			);
			path = Map;
			sourceTree = "<group>";
		};
		C66E096D2C96597A00C9F8F1 /* Models */ = {
			isa = PBXGroup;
			children = (
				C66E09642C96583800C9F8F1 /* Lorem.swift */,
				C66E09652C96583800C9F8F1 /* SampleData.swift */,
				C66E096A2C96597A00C9F8F1 /* MockMessage.swift */,
				C66E096B2C96597A00C9F8F1 /* MockSocket.swift */,
				C66E096C2C96597A00C9F8F1 /* MockUser.swift */,
			);
			path = Models;
			sourceTree = "<group>";
		};
		C67293242C93BED9000191B2 /* Products */ = {
			isa = PBXGroup;
			children = (
				C672932B2C93BED9000191B2 /* ConnectFramework.framework */,
				C672932D2C93BED9000191B2 /* ConnectFrameworkTests.xctest */,
			);
			name = Products;
			sourceTree = "<group>";
		};
		C6DC045F2CB47DDC003FCA1B /* Files */ = {
			isa = PBXGroup;
			children = (
				C6DC045D2CB47AAB003FCA1B /* FilePicker.swift */,
				C6DC04602CB47DFA003FCA1B /* UploadManager.swift */,
			);
			path = Files;
			sourceTree = "<group>";
		};
		C6DDD7172C936DAE000BE2A4 = {
			isa = PBXGroup;
			children = (
				C6A56C262C93A9510090D3E2 /* ConnectFramework.xcodeproj */,
				C6DDD7222C936DAE000BE2A4 /* SkateConnect */,
				C6DDD7352C936DAF000BE2A4 /* SkateConnectTests */,
				C6DDD73F2C936DAF000BE2A4 /* SkateConnectUITests */,
				C6DDD7212C936DAE000BE2A4 /* Products */,
				C6F2F2D12C939E3500C3CDBA /* Frameworks */,
			);
			sourceTree = "<group>";
		};
		C6DDD7212C936DAE000BE2A4 /* Products */ = {
			isa = PBXGroup;
			children = (
				C6DDD7202C936DAE000BE2A4 /* SkateConnect.app */,
				C6DDD7322C936DAF000BE2A4 /* SkateConnectTests.xctest */,
				C6DDD73C2C936DAF000BE2A4 /* SkateConnectUITests.xctest */,
			);
			name = Products;
			sourceTree = "<group>";
		};
		C6DDD7222C936DAE000BE2A4 /* SkateConnect */ = {
			isa = PBXGroup;
			children = (
				C66AFE8A2CA63749000CD716 /* Managers */,
				C62500D42C93C11A0026C334 /* AppData.swift */,
				C6DDD7292C936DAF000BE2A4 /* Assets.xcassets */,
				C62500DB2C93C1210026C334 /* Blockchain */,
				C62500E32C93C1250026C334 /* Extensions */,
				C62500E82C93C12A0026C334 /* Helpers */,
				C62501242C93C1340026C334 /* Info.plist */,
				C62501362C93C1340026C334 /* Model */,
				C6DDD72B2C936DAF000BE2A4 /* Preview Content */,
				C6DDD7232C936DAE000BE2A4 /* SkateConnectApp.swift */,
				C62501232C93C1340026C334 /* Views */,
			);
			path = SkateConnect;
			sourceTree = "<group>";
		};
		C6DDD72B2C936DAF000BE2A4 /* Preview Content */ = {
			isa = PBXGroup;
			children = (
				C6DDD72C2C936DAF000BE2A4 /* Preview Assets.xcassets */,
			);
			path = "Preview Content";
			sourceTree = "<group>";
		};
		C6DDD7352C936DAF000BE2A4 /* SkateConnectTests */ = {
			isa = PBXGroup;
			children = (
				C6DDD7362C936DAF000BE2A4 /* SkateConnectTests.swift */,
			);
			path = SkateConnectTests;
			sourceTree = "<group>";
		};
		C6DDD73F2C936DAF000BE2A4 /* SkateConnectUITests */ = {
			isa = PBXGroup;
			children = (
				C6DDD7402C936DAF000BE2A4 /* SkateConnectUITests.swift */,
				C6DDD7422C936DAF000BE2A4 /* SkateConnectUITestsLaunchTests.swift */,
			);
			path = SkateConnectUITests;
			sourceTree = "<group>";
		};
		C6E237112CAC75DD00CBCFA6 /* Video */ = {
			isa = PBXGroup;
			children = (
				C62B84F42CA5E19B0086AEE0 /* VideoPreviewView.swift */,
				C66AFE982CA7B8A6000CD716 /* VideoEditorView.swift */,
			);
			path = Video;
			sourceTree = "<group>";
		};
		C6F2F2D12C939E3500C3CDBA /* Frameworks */ = {
			isa = PBXGroup;
			children = (
				C624DDC92C939F920073F30F /* ConnectFramework.framework */,
			);
			name = Frameworks;
			sourceTree = "<group>";
		};
		C6F4959D2C93D3200006FBF0 /* Settings */ = {
			isa = PBXGroup;
			children = (
				C625011B2C93C1340026C334 /* ConnectRelay.swift */,
				C625011C2C93C1340026C334 /* ImportIdentity.swift */,
				C625011A2C93C1340026C334 /* Keychain */,
				C6F4959E2C93D34E0006FBF0 /* SettingsView.swift */,
			);
			path = Settings;
			sourceTree = "<group>";
		};
/* End PBXGroup section */

/* Begin PBXNativeTarget section */
		C6DDD71F2C936DAE000BE2A4 /* SkateConnect */ = {
			isa = PBXNativeTarget;
			buildConfigurationList = C6DDD7462C936DAF000BE2A4 /* Build configuration list for PBXNativeTarget "SkateConnect" */;
			buildPhases = (
				C6DDD71C2C936DAE000BE2A4 /* Sources */,
				C6DDD71D2C936DAE000BE2A4 /* Frameworks */,
				C6DDD71E2C936DAE000BE2A4 /* Resources */,
				C624DDC82C939F820073F30F /* Embed Frameworks */,
			);
			buildRules = (
			);
			dependencies = (
			);
			name = SkateConnect;
			packageProductDependencies = (
				C69DC22B2C96121E00A7ED67 /* NostrSDK */,
				C668FC482C967A9600612BEA /* SolanaSwift */,
				C668FC4E2C967AAA00612BEA /* KeychainSwift */,
				C668FC512C967AB600612BEA /* NostrSDK */,
				C668FC572C967D6A00612BEA /* MessageKit */,
				C69153CA2C9E27E80075ED6C /* NostrSDK */,
				C6D1F2DB2C9FC3A700FF428F /* NostrSDK */,
				C66AFE802CA61671000CD716 /* AWSCognitoIdentityProvider */,
				C66AFE822CA61671000CD716 /* AWSS3 */,
				C66AFE8F2CA74DFB000CD716 /* Kingfisher */,
				C6DC04632CB4B930003FCA1B /* InputBarAccessoryView */,
			);
			productName = SkateConnect;
			productReference = C6DDD7202C936DAE000BE2A4 /* SkateConnect.app */;
			productType = "com.apple.product-type.application";
		};
		C6DDD7312C936DAF000BE2A4 /* SkateConnectTests */ = {
			isa = PBXNativeTarget;
			buildConfigurationList = C6DDD7492C936DAF000BE2A4 /* Build configuration list for PBXNativeTarget "SkateConnectTests" */;
			buildPhases = (
				C6DDD72E2C936DAF000BE2A4 /* Sources */,
				C6DDD72F2C936DAF000BE2A4 /* Frameworks */,
				C6DDD7302C936DAF000BE2A4 /* Resources */,
			);
			buildRules = (
			);
			dependencies = (
				C6DDD7342C936DAF000BE2A4 /* PBXTargetDependency */,
			);
			name = SkateConnectTests;
			productName = SkateConnectTests;
			productReference = C6DDD7322C936DAF000BE2A4 /* SkateConnectTests.xctest */;
			productType = "com.apple.product-type.bundle.unit-test";
		};
		C6DDD73B2C936DAF000BE2A4 /* SkateConnectUITests */ = {
			isa = PBXNativeTarget;
			buildConfigurationList = C6DDD74C2C936DAF000BE2A4 /* Build configuration list for PBXNativeTarget "SkateConnectUITests" */;
			buildPhases = (
				C6DDD7382C936DAF000BE2A4 /* Sources */,
				C6DDD7392C936DAF000BE2A4 /* Frameworks */,
				C6DDD73A2C936DAF000BE2A4 /* Resources */,
			);
			buildRules = (
			);
			dependencies = (
				C6DDD73E2C936DAF000BE2A4 /* PBXTargetDependency */,
			);
			name = SkateConnectUITests;
			productName = SkateConnectUITests;
			productReference = C6DDD73C2C936DAF000BE2A4 /* SkateConnectUITests.xctest */;
			productType = "com.apple.product-type.bundle.ui-testing";
		};
/* End PBXNativeTarget section */

/* Begin PBXProject section */
		C6DDD7182C936DAE000BE2A4 /* Project object */ = {
			isa = PBXProject;
			attributes = {
				BuildIndependentTargetsInParallel = 1;
				LastSwiftUpdateCheck = 1540;
				LastUpgradeCheck = 1540;
				TargetAttributes = {
					C6DDD71F2C936DAE000BE2A4 = {
						CreatedOnToolsVersion = 15.4;
					};
					C6DDD7312C936DAF000BE2A4 = {
						CreatedOnToolsVersion = 15.4;
						TestTargetID = C6DDD71F2C936DAE000BE2A4;
					};
					C6DDD73B2C936DAF000BE2A4 = {
						CreatedOnToolsVersion = 15.4;
						TestTargetID = C6DDD71F2C936DAE000BE2A4;
					};
				};
			};
			buildConfigurationList = C6DDD71B2C936DAE000BE2A4 /* Build configuration list for PBXProject "SkateConnect" */;
			compatibilityVersion = "Xcode 14.0";
			developmentRegion = en;
			hasScannedForEncodings = 0;
			knownRegions = (
				en,
				Base,
			);
			mainGroup = C6DDD7172C936DAE000BE2A4;
			packageReferences = (
				C668FC472C967A9600612BEA /* XCRemoteSwiftPackageReference "solana-swift" */,
				C668FC4D2C967AAA00612BEA /* XCRemoteSwiftPackageReference "keychain-swift" */,
				C668FC562C967D6A00612BEA /* XCRemoteSwiftPackageReference "MessageKit" */,
				C6D1F2DA2C9FC3A700FF428F /* XCRemoteSwiftPackageReference "nostr-sdk-ios" */,
				C66AFE7F2CA61671000CD716 /* XCRemoteSwiftPackageReference "aws-sdk-swift" */,
				C66AFE8E2CA74DFB000CD716 /* XCRemoteSwiftPackageReference "Kingfisher" */,
				C6DC04622CB4B930003FCA1B /* XCRemoteSwiftPackageReference "InputBarAccessoryView" */,
			);
			productRefGroup = C6DDD7212C936DAE000BE2A4 /* Products */;
			projectDirPath = "";
			projectReferences = (
				{
					ProductGroup = C67293242C93BED9000191B2 /* Products */;
					ProjectRef = C6A56C262C93A9510090D3E2 /* ConnectFramework.xcodeproj */;
				},
			);
			projectRoot = "";
			targets = (
				C6DDD71F2C936DAE000BE2A4 /* SkateConnect */,
				C6DDD7312C936DAF000BE2A4 /* SkateConnectTests */,
				C6DDD73B2C936DAF000BE2A4 /* SkateConnectUITests */,
			);
		};
/* End PBXProject section */

/* Begin PBXReferenceProxy section */
		C672932B2C93BED9000191B2 /* ConnectFramework.framework */ = {
			isa = PBXReferenceProxy;
			fileType = wrapper.framework;
			path = ConnectFramework.framework;
			remoteRef = C672932A2C93BED9000191B2 /* PBXContainerItemProxy */;
			sourceTree = BUILT_PRODUCTS_DIR;
		};
		C672932D2C93BED9000191B2 /* ConnectFrameworkTests.xctest */ = {
			isa = PBXReferenceProxy;
			fileType = wrapper.cfbundle;
			path = ConnectFrameworkTests.xctest;
			remoteRef = C672932C2C93BED9000191B2 /* PBXContainerItemProxy */;
			sourceTree = BUILT_PRODUCTS_DIR;
		};
/* End PBXReferenceProxy section */

/* Begin PBXResourcesBuildPhase section */
		C6DDD71E2C936DAE000BE2A4 /* Resources */ = {
			isa = PBXResourcesBuildPhase;
			buildActionMask = 2147483647;
			files = (
				C6DDD72D2C936DAF000BE2A4 /* Preview Assets.xcassets in Resources */,
				C6DDD72A2C936DAF000BE2A4 /* Assets.xcassets in Resources */,
			);
			runOnlyForDeploymentPostprocessing = 0;
		};
		C6DDD7302C936DAF000BE2A4 /* Resources */ = {
			isa = PBXResourcesBuildPhase;
			buildActionMask = 2147483647;
			files = (
			);
			runOnlyForDeploymentPostprocessing = 0;
		};
		C6DDD73A2C936DAF000BE2A4 /* Resources */ = {
			isa = PBXResourcesBuildPhase;
			buildActionMask = 2147483647;
			files = (
			);
			runOnlyForDeploymentPostprocessing = 0;
		};
/* End PBXResourcesBuildPhase section */

/* Begin PBXSourcesBuildPhase section */
		C6DDD71C2C936DAE000BE2A4 /* Sources */ = {
			isa = PBXSourcesBuildPhase;
			buildActionMask = 2147483647;
			files = (
				C62501542C93C1340026C334 /* LandmarkRow.swift in Sources */,
				C62501592C93C1340026C334 /* SolanaKeychainStorage.swift in Sources */,
				C6DC04662CB4D8ED003FCA1B /* MessageHandler.swift in Sources */,
				C6E237132CAF51CC00CBCFA6 /* ToolBoxView.swift in Sources */,
				C625016C2C93C1340026C334 /* Landmark.swift in Sources */,
				C66E09712C96597A00C9F8F1 /* MockSocket.swift in Sources */,
				C6DDD7242C936DAE000BE2A4 /* SkateConnectApp.swift in Sources */,
				C62501472C93C1340026C334 /* ProfileEditor.swift in Sources */,
				C625016D2C93C1340026C334 /* Profile.swift in Sources */,
				C62501412C93C1340026C334 /* DirectMessage.swift in Sources */,
				C66E09662C96583800C9F8F1 /* Lorem.swift in Sources */,
				C62501522C93C1340026C334 /* LandmarkDetail.swift in Sources */,
				C6C94AE72CA885B1008ECA86 /* Lobby.swift in Sources */,
				C62501682C93C1340026C334 /* Spot.swift in Sources */,
				C66E09702C96597A00C9F8F1 /* MockMessage.swift in Sources */,
				C625015A2C93C1340026C334 /* ConnectRelay.swift in Sources */,
				C625015F2C93C1340026C334 /* ContentView.swift in Sources */,
				C625014B2C93C1340026C334 /* SpotDetail.swift in Sources */,
				C62501512C93C1340026C334 /* LobbyView.swift in Sources */,
				C62501672C93C1340026C334 /* Friend.swift in Sources */,
				C62500E52C93C1250026C334 /* Date+Extensions.swift in Sources */,
				C625014D2C93C1340026C334 /* UserItem.swift in Sources */,
				C62501482C93C1340026C334 /* ProfileHost.swift in Sources */,
				C66E09722C96597A00C9F8F1 /* MockUser.swift in Sources */,
				C625016A2C93C1340026C334 /* Host.swift in Sources */,
				C62501452C93C1340026C334 /* AddressBook.swift in Sources */,
				C6DCF4792C951B7700CA21ED /* SearchView.swift in Sources */,
				C6F4959F2C93D34E0006FBF0 /* SettingsView.swift in Sources */,
				C6DC04612CB47DFA003FCA1B /* UploadManager.swift in Sources */,
				C6DC046A2CB5BA00003FCA1B /* StateManager.swift in Sources */,
				C6DC046C2CB5BFB0003FCA1B /* ChannelEventService.swift in Sources */,
				C62500DF2C93C1210026C334 /* TokenPrice.swift in Sources */,
				C62B84F52CA5E19B0086AEE0 /* VideoPreviewView.swift in Sources */,
				C6DCF46F2C93E32F00CA21ED /* Filters.swift in Sources */,
				C62500E62C93C1250026C334 /* Sequence+asyncMap.swift in Sources */,
				C62501572C93C1340026C334 /* SkateView.swift in Sources */,
				C62501492C93C1340026C334 /* ProfileSummary.swift in Sources */,
				C625015B2C93C1340026C334 /* ImportIdentity.swift in Sources */,
				C66AFE862CA61C76000CD716 /* AWS.swift in Sources */,
				C62B84F02CA527090086AEE0 /* CameraInputView.swift in Sources */,
				C6E237152CB24B8F00CBCFA6 /* Wallet.swift in Sources */,
				C6C94AEB2CA8DAE8008ECA86 /* AwsKeychainStorage.swift in Sources */,
				C625014C2C93C1340026C334 /* UserDetail.swift in Sources */,
				C6DC045E2CB47AAB003FCA1B /* FilePicker.swift in Sources */,
				C625015C2C93C1340026C334 /* ImportWallet.swift in Sources */,
				C625013A2C93C1340026C334 /* NostrKeyInput.swift in Sources */,
				C6D1F2D92C9FBDBA00FF428F /* LocationManager.swift in Sources */,
				C66AFE992CA7B8A6000CD716 /* VideoEditorView.swift in Sources */,
				C62501582C93C1340026C334 /* NostrKeychainStorage.swift in Sources */,
				C6DC04682CB5B720003FCA1B /* UI.swift in Sources */,
				C625014F2C93C1340026C334 /* Contacts.swift in Sources */,
				C625016E2C93C1340026C334 /* User.swift in Sources */,
				C66E09672C96583800C9F8F1 /* SampleData.swift in Sources */,
				C625013D2C93C1340026C334 /* MapView.swift in Sources */,
				C6F495A12C93D3C10006FBF0 /* WalletManager.swift in Sources */,
				C62501402C93C1340026C334 /* CreateChannel.swift in Sources */,
				C62500DD2C93C1210026C334 /* SolanaAccount.swift in Sources */,
				C625014A2C93C1340026C334 /* ChannelView.swift in Sources */,
				C62501502C93C1340026C334 /* CreateMessage.swift in Sources */,
				C66AFE922CA7812C000CD716 /* Network.swift in Sources */,
				C62500D52C93C11A0026C334 /* AppData.swift in Sources */,
				C625015D2C93C1340026C334 /* TransferToken.swift in Sources */,
				C62500DE2C93C1210026C334 /* SolanaToken.swift in Sources */,
				C62500DC2C93C1210026C334 /* AnyToken.swift in Sources */,
				C6D1F2E02C9FC52A00FF428F /* ScannerView.swift in Sources */,
				C6C94AE92CA8D731008ECA86 /* API.swift in Sources */,
				C62501532C93C1340026C334 /* LandmarkDirectory.swift in Sources */,
				C642B2182C978571001022DF /* EULAView.swift in Sources */,
				C66E09632C9657A400C9F8F1 /* ChatView.swift in Sources */,
				C66AFE8C2CA63755000CD716 /* Navigation.swift in Sources */,
				C625013C2C93C1340026C334 /* FavoriteButton.swift in Sources */,
				C625016B2C93C1340026C334 /* HostStore.swift in Sources */,
				C62500E92C93C12A0026C334 /* DemoHelper.swift in Sources */,
				C62501462C93C1340026C334 /* SpotRow.swift in Sources */,
				C66AFE942CA7A067000CD716 /* Channel.swift in Sources */,
				C62500E42C93C1250026C334 /* Color+hex.swift in Sources */,
				C6D1F2DE2C9FC50900FF428F /* BarcodeScanner.swift in Sources */,
				C6DCF4732C94000F00CA21ED /* EditChannel.swift in Sources */,
				C62B84F32CA5D4230086AEE0 /* CameraView.swift in Sources */,
				C625014E2C93C1340026C334 /* UserRow.swift in Sources */,
				C6F4959C2C93CF350006FBF0 /* CircleImage.swift in Sources */,
				C6DCF46D2C93DEB200CA21ED /* Foe.swift in Sources */,
				C625015E2C93C1340026C334 /* WalletView.swift in Sources */,
			);
			runOnlyForDeploymentPostprocessing = 0;
		};
		C6DDD72E2C936DAF000BE2A4 /* Sources */ = {
			isa = PBXSourcesBuildPhase;
			buildActionMask = 2147483647;
			files = (
				C6DDD7372C936DAF000BE2A4 /* SkateConnectTests.swift in Sources */,
			);
			runOnlyForDeploymentPostprocessing = 0;
		};
		C6DDD7382C936DAF000BE2A4 /* Sources */ = {
			isa = PBXSourcesBuildPhase;
			buildActionMask = 2147483647;
			files = (
				C6DDD7432C936DAF000BE2A4 /* SkateConnectUITestsLaunchTests.swift in Sources */,
				C6DDD7412C936DAF000BE2A4 /* SkateConnectUITests.swift in Sources */,
			);
			runOnlyForDeploymentPostprocessing = 0;
		};
/* End PBXSourcesBuildPhase section */

/* Begin PBXTargetDependency section */
		C6DDD7342C936DAF000BE2A4 /* PBXTargetDependency */ = {
			isa = PBXTargetDependency;
			target = C6DDD71F2C936DAE000BE2A4 /* SkateConnect */;
			targetProxy = C6DDD7332C936DAF000BE2A4 /* PBXContainerItemProxy */;
		};
		C6DDD73E2C936DAF000BE2A4 /* PBXTargetDependency */ = {
			isa = PBXTargetDependency;
			target = C6DDD71F2C936DAE000BE2A4 /* SkateConnect */;
			targetProxy = C6DDD73D2C936DAF000BE2A4 /* PBXContainerItemProxy */;
		};
/* End PBXTargetDependency section */

/* Begin XCBuildConfiguration section */
		C6DDD7442C936DAF000BE2A4 /* Debug */ = {
			isa = XCBuildConfiguration;
			buildSettings = {
				ALWAYS_SEARCH_USER_PATHS = NO;
				ASSETCATALOG_COMPILER_GENERATE_SWIFT_ASSET_SYMBOL_EXTENSIONS = YES;
				CLANG_ANALYZER_NONNULL = YES;
				CLANG_ANALYZER_NUMBER_OBJECT_CONVERSION = YES_AGGRESSIVE;
				CLANG_CXX_LANGUAGE_STANDARD = "gnu++20";
				CLANG_ENABLE_MODULES = YES;
				CLANG_ENABLE_OBJC_ARC = YES;
				CLANG_ENABLE_OBJC_WEAK = YES;
				CLANG_WARN_BLOCK_CAPTURE_AUTORELEASING = YES;
				CLANG_WARN_BOOL_CONVERSION = YES;
				CLANG_WARN_COMMA = YES;
				CLANG_WARN_CONSTANT_CONVERSION = YES;
				CLANG_WARN_DEPRECATED_OBJC_IMPLEMENTATIONS = YES;
				CLANG_WARN_DIRECT_OBJC_ISA_USAGE = YES_ERROR;
				CLANG_WARN_DOCUMENTATION_COMMENTS = YES;
				CLANG_WARN_EMPTY_BODY = YES;
				CLANG_WARN_ENUM_CONVERSION = YES;
				CLANG_WARN_INFINITE_RECURSION = YES;
				CLANG_WARN_INT_CONVERSION = YES;
				CLANG_WARN_NON_LITERAL_NULL_CONVERSION = YES;
				CLANG_WARN_OBJC_IMPLICIT_RETAIN_SELF = YES;
				CLANG_WARN_OBJC_LITERAL_CONVERSION = YES;
				CLANG_WARN_OBJC_ROOT_CLASS = YES_ERROR;
				CLANG_WARN_QUOTED_INCLUDE_IN_FRAMEWORK_HEADER = YES;
				CLANG_WARN_RANGE_LOOP_ANALYSIS = YES;
				CLANG_WARN_STRICT_PROTOTYPES = YES;
				CLANG_WARN_SUSPICIOUS_MOVE = YES;
				CLANG_WARN_UNGUARDED_AVAILABILITY = YES_AGGRESSIVE;
				CLANG_WARN_UNREACHABLE_CODE = YES;
				CLANG_WARN__DUPLICATE_METHOD_MATCH = YES;
				COPY_PHASE_STRIP = NO;
				DEBUG_INFORMATION_FORMAT = dwarf;
				ENABLE_STRICT_OBJC_MSGSEND = YES;
				ENABLE_TESTABILITY = YES;
				ENABLE_USER_SCRIPT_SANDBOXING = YES;
				GCC_C_LANGUAGE_STANDARD = gnu17;
				GCC_DYNAMIC_NO_PIC = NO;
				GCC_NO_COMMON_BLOCKS = YES;
				GCC_OPTIMIZATION_LEVEL = 0;
				GCC_PREPROCESSOR_DEFINITIONS = (
					"DEBUG=1",
					"$(inherited)",
				);
				GCC_WARN_64_TO_32_BIT_CONVERSION = YES;
				GCC_WARN_ABOUT_RETURN_TYPE = YES_ERROR;
				GCC_WARN_UNDECLARED_SELECTOR = YES;
				GCC_WARN_UNINITIALIZED_AUTOS = YES_AGGRESSIVE;
				GCC_WARN_UNUSED_FUNCTION = YES;
				GCC_WARN_UNUSED_VARIABLE = YES;
				IPHONEOS_DEPLOYMENT_TARGET = 17.5;
				LOCALIZATION_PREFERS_STRING_CATALOGS = YES;
				MTL_ENABLE_DEBUG_INFO = INCLUDE_SOURCE;
				MTL_FAST_MATH = YES;
				ONLY_ACTIVE_ARCH = YES;
				SDKROOT = iphoneos;
				SWIFT_ACTIVE_COMPILATION_CONDITIONS = "DEBUG $(inherited)";
				SWIFT_OPTIMIZATION_LEVEL = "-Onone";
			};
			name = Debug;
		};
		C6DDD7452C936DAF000BE2A4 /* Release */ = {
			isa = XCBuildConfiguration;
			buildSettings = {
				ALWAYS_SEARCH_USER_PATHS = NO;
				ASSETCATALOG_COMPILER_GENERATE_SWIFT_ASSET_SYMBOL_EXTENSIONS = YES;
				CLANG_ANALYZER_NONNULL = YES;
				CLANG_ANALYZER_NUMBER_OBJECT_CONVERSION = YES_AGGRESSIVE;
				CLANG_CXX_LANGUAGE_STANDARD = "gnu++20";
				CLANG_ENABLE_MODULES = YES;
				CLANG_ENABLE_OBJC_ARC = YES;
				CLANG_ENABLE_OBJC_WEAK = YES;
				CLANG_WARN_BLOCK_CAPTURE_AUTORELEASING = YES;
				CLANG_WARN_BOOL_CONVERSION = YES;
				CLANG_WARN_COMMA = YES;
				CLANG_WARN_CONSTANT_CONVERSION = YES;
				CLANG_WARN_DEPRECATED_OBJC_IMPLEMENTATIONS = YES;
				CLANG_WARN_DIRECT_OBJC_ISA_USAGE = YES_ERROR;
				CLANG_WARN_DOCUMENTATION_COMMENTS = YES;
				CLANG_WARN_EMPTY_BODY = YES;
				CLANG_WARN_ENUM_CONVERSION = YES;
				CLANG_WARN_INFINITE_RECURSION = YES;
				CLANG_WARN_INT_CONVERSION = YES;
				CLANG_WARN_NON_LITERAL_NULL_CONVERSION = YES;
				CLANG_WARN_OBJC_IMPLICIT_RETAIN_SELF = YES;
				CLANG_WARN_OBJC_LITERAL_CONVERSION = YES;
				CLANG_WARN_OBJC_ROOT_CLASS = YES_ERROR;
				CLANG_WARN_QUOTED_INCLUDE_IN_FRAMEWORK_HEADER = YES;
				CLANG_WARN_RANGE_LOOP_ANALYSIS = YES;
				CLANG_WARN_STRICT_PROTOTYPES = YES;
				CLANG_WARN_SUSPICIOUS_MOVE = YES;
				CLANG_WARN_UNGUARDED_AVAILABILITY = YES_AGGRESSIVE;
				CLANG_WARN_UNREACHABLE_CODE = YES;
				CLANG_WARN__DUPLICATE_METHOD_MATCH = YES;
				COPY_PHASE_STRIP = NO;
				DEBUG_INFORMATION_FORMAT = "dwarf-with-dsym";
				ENABLE_NS_ASSERTIONS = NO;
				ENABLE_STRICT_OBJC_MSGSEND = YES;
				ENABLE_USER_SCRIPT_SANDBOXING = YES;
				GCC_C_LANGUAGE_STANDARD = gnu17;
				GCC_NO_COMMON_BLOCKS = YES;
				GCC_WARN_64_TO_32_BIT_CONVERSION = YES;
				GCC_WARN_ABOUT_RETURN_TYPE = YES_ERROR;
				GCC_WARN_UNDECLARED_SELECTOR = YES;
				GCC_WARN_UNINITIALIZED_AUTOS = YES_AGGRESSIVE;
				GCC_WARN_UNUSED_FUNCTION = YES;
				GCC_WARN_UNUSED_VARIABLE = YES;
				IPHONEOS_DEPLOYMENT_TARGET = 17.5;
				LOCALIZATION_PREFERS_STRING_CATALOGS = YES;
				MTL_ENABLE_DEBUG_INFO = NO;
				MTL_FAST_MATH = YES;
				SDKROOT = iphoneos;
				SWIFT_COMPILATION_MODE = wholemodule;
				VALIDATE_PRODUCT = YES;
			};
			name = Release;
		};
		C6DDD7472C936DAF000BE2A4 /* Debug */ = {
			isa = XCBuildConfiguration;
			buildSettings = {
				ASSETCATALOG_COMPILER_APPICON_NAME = AppIcon;
				ASSETCATALOG_COMPILER_GLOBAL_ACCENT_COLOR_NAME = AccentColor;
				CODE_SIGN_STYLE = Automatic;
				CURRENT_PROJECT_VERSION = 1;
				DEVELOPMENT_ASSET_PATHS = "\"SkateConnect/Preview Content\"";
				DEVELOPMENT_TEAM = SJ92P833ND;
				ENABLE_PREVIEWS = YES;
				GENERATE_INFOPLIST_FILE = YES;
				INFOPLIST_FILE = SkateConnect/Info.plist;
				INFOPLIST_KEY_LSApplicationCategoryType = "public.app-category.social-networking";
				INFOPLIST_KEY_UIApplicationSceneManifest_Generation = YES;
				INFOPLIST_KEY_UIApplicationSupportsIndirectInputEvents = YES;
				INFOPLIST_KEY_UISupportedInterfaceOrientations = UIInterfaceOrientationPortrait;
				INFOPLIST_KEY_UISupportedInterfaceOrientations_iPad = "UIInterfaceOrientationLandscapeLeft UIInterfaceOrientationLandscapeRight UIInterfaceOrientationPortrait UIInterfaceOrientationPortraitUpsideDown";
				LD_RUNPATH_SEARCH_PATHS = (
					"$(inherited)",
					"@executable_path/Frameworks",
				);
				MARKETING_VERSION = 1.4;
				PRODUCT_BUNDLE_IDENTIFIER = ninja.skate.SkateConnect;
				PRODUCT_NAME = "$(TARGET_NAME)";
				SUPPORTED_PLATFORMS = "iphoneos iphonesimulator";
				SUPPORTS_MACCATALYST = NO;
				SUPPORTS_MAC_DESIGNED_FOR_IPHONE_IPAD = NO;
				SUPPORTS_XR_DESIGNED_FOR_IPHONE_IPAD = NO;
				SWIFT_EMIT_LOC_STRINGS = YES;
				SWIFT_VERSION = 5.0;
				TARGETED_DEVICE_FAMILY = 1;
			};
			name = Debug;
		};
		C6DDD7482C936DAF000BE2A4 /* Release */ = {
			isa = XCBuildConfiguration;
			buildSettings = {
				ASSETCATALOG_COMPILER_APPICON_NAME = AppIcon;
				ASSETCATALOG_COMPILER_GLOBAL_ACCENT_COLOR_NAME = AccentColor;
				CODE_SIGN_STYLE = Automatic;
				CURRENT_PROJECT_VERSION = 1;
				DEVELOPMENT_ASSET_PATHS = "\"SkateConnect/Preview Content\"";
				DEVELOPMENT_TEAM = SJ92P833ND;
				ENABLE_PREVIEWS = YES;
				GENERATE_INFOPLIST_FILE = YES;
				INFOPLIST_FILE = SkateConnect/Info.plist;
				INFOPLIST_KEY_LSApplicationCategoryType = "public.app-category.social-networking";
				INFOPLIST_KEY_UIApplicationSceneManifest_Generation = YES;
				INFOPLIST_KEY_UIApplicationSupportsIndirectInputEvents = YES;
				INFOPLIST_KEY_UISupportedInterfaceOrientations = UIInterfaceOrientationPortrait;
				INFOPLIST_KEY_UISupportedInterfaceOrientations_iPad = "UIInterfaceOrientationLandscapeLeft UIInterfaceOrientationLandscapeRight UIInterfaceOrientationPortrait UIInterfaceOrientationPortraitUpsideDown";
				LD_RUNPATH_SEARCH_PATHS = (
					"$(inherited)",
					"@executable_path/Frameworks",
				);
				MARKETING_VERSION = 1.4;
				PRODUCT_BUNDLE_IDENTIFIER = ninja.skate.SkateConnect;
				PRODUCT_NAME = "$(TARGET_NAME)";
				SUPPORTED_PLATFORMS = "iphoneos iphonesimulator";
				SUPPORTS_MACCATALYST = NO;
				SUPPORTS_MAC_DESIGNED_FOR_IPHONE_IPAD = NO;
				SUPPORTS_XR_DESIGNED_FOR_IPHONE_IPAD = NO;
				SWIFT_EMIT_LOC_STRINGS = YES;
				SWIFT_VERSION = 5.0;
				TARGETED_DEVICE_FAMILY = 1;
			};
			name = Release;
		};
		C6DDD74A2C936DAF000BE2A4 /* Debug */ = {
			isa = XCBuildConfiguration;
			buildSettings = {
				ALWAYS_EMBED_SWIFT_STANDARD_LIBRARIES = YES;
				BUNDLE_LOADER = "$(TEST_HOST)";
				CODE_SIGN_STYLE = Automatic;
				CURRENT_PROJECT_VERSION = 1;
				DEVELOPMENT_TEAM = SJ92P833ND;
				GENERATE_INFOPLIST_FILE = YES;
				IPHONEOS_DEPLOYMENT_TARGET = 17.5;
				MARKETING_VERSION = 1.0;
				PRODUCT_BUNDLE_IDENTIFIER = ninja.skate.SkateConnectTests;
				PRODUCT_NAME = "$(TARGET_NAME)";
				SWIFT_EMIT_LOC_STRINGS = NO;
				SWIFT_VERSION = 5.0;
				TARGETED_DEVICE_FAMILY = "1,2";
				TEST_HOST = "$(BUILT_PRODUCTS_DIR)/SkateConnect.app/$(BUNDLE_EXECUTABLE_FOLDER_PATH)/SkateConnect";
			};
			name = Debug;
		};
		C6DDD74B2C936DAF000BE2A4 /* Release */ = {
			isa = XCBuildConfiguration;
			buildSettings = {
				ALWAYS_EMBED_SWIFT_STANDARD_LIBRARIES = YES;
				BUNDLE_LOADER = "$(TEST_HOST)";
				CODE_SIGN_STYLE = Automatic;
				CURRENT_PROJECT_VERSION = 1;
				DEVELOPMENT_TEAM = SJ92P833ND;
				GENERATE_INFOPLIST_FILE = YES;
				IPHONEOS_DEPLOYMENT_TARGET = 17.5;
				MARKETING_VERSION = 1.0;
				PRODUCT_BUNDLE_IDENTIFIER = ninja.skate.SkateConnectTests;
				PRODUCT_NAME = "$(TARGET_NAME)";
				SWIFT_EMIT_LOC_STRINGS = NO;
				SWIFT_VERSION = 5.0;
				TARGETED_DEVICE_FAMILY = "1,2";
				TEST_HOST = "$(BUILT_PRODUCTS_DIR)/SkateConnect.app/$(BUNDLE_EXECUTABLE_FOLDER_PATH)/SkateConnect";
			};
			name = Release;
		};
		C6DDD74D2C936DAF000BE2A4 /* Debug */ = {
			isa = XCBuildConfiguration;
			buildSettings = {
				ALWAYS_EMBED_SWIFT_STANDARD_LIBRARIES = YES;
				CODE_SIGN_STYLE = Automatic;
				CURRENT_PROJECT_VERSION = 1;
				DEVELOPMENT_TEAM = SJ92P833ND;
				GENERATE_INFOPLIST_FILE = YES;
				MARKETING_VERSION = 1.0;
				PRODUCT_BUNDLE_IDENTIFIER = ninja.skate.SkateConnectUITests;
				PRODUCT_NAME = "$(TARGET_NAME)";
				SWIFT_EMIT_LOC_STRINGS = NO;
				SWIFT_VERSION = 5.0;
				TARGETED_DEVICE_FAMILY = "1,2";
				TEST_TARGET_NAME = SkateConnect;
			};
			name = Debug;
		};
		C6DDD74E2C936DAF000BE2A4 /* Release */ = {
			isa = XCBuildConfiguration;
			buildSettings = {
				ALWAYS_EMBED_SWIFT_STANDARD_LIBRARIES = YES;
				CODE_SIGN_STYLE = Automatic;
				CURRENT_PROJECT_VERSION = 1;
				DEVELOPMENT_TEAM = SJ92P833ND;
				GENERATE_INFOPLIST_FILE = YES;
				MARKETING_VERSION = 1.0;
				PRODUCT_BUNDLE_IDENTIFIER = ninja.skate.SkateConnectUITests;
				PRODUCT_NAME = "$(TARGET_NAME)";
				SWIFT_EMIT_LOC_STRINGS = NO;
				SWIFT_VERSION = 5.0;
				TARGETED_DEVICE_FAMILY = "1,2";
				TEST_TARGET_NAME = SkateConnect;
			};
			name = Release;
		};
/* End XCBuildConfiguration section */

/* Begin XCConfigurationList section */
		C6DDD71B2C936DAE000BE2A4 /* Build configuration list for PBXProject "SkateConnect" */ = {
			isa = XCConfigurationList;
			buildConfigurations = (
				C6DDD7442C936DAF000BE2A4 /* Debug */,
				C6DDD7452C936DAF000BE2A4 /* Release */,
			);
			defaultConfigurationIsVisible = 0;
			defaultConfigurationName = Release;
		};
		C6DDD7462C936DAF000BE2A4 /* Build configuration list for PBXNativeTarget "SkateConnect" */ = {
			isa = XCConfigurationList;
			buildConfigurations = (
				C6DDD7472C936DAF000BE2A4 /* Debug */,
				C6DDD7482C936DAF000BE2A4 /* Release */,
			);
			defaultConfigurationIsVisible = 0;
			defaultConfigurationName = Release;
		};
		C6DDD7492C936DAF000BE2A4 /* Build configuration list for PBXNativeTarget "SkateConnectTests" */ = {
			isa = XCConfigurationList;
			buildConfigurations = (
				C6DDD74A2C936DAF000BE2A4 /* Debug */,
				C6DDD74B2C936DAF000BE2A4 /* Release */,
			);
			defaultConfigurationIsVisible = 0;
			defaultConfigurationName = Release;
		};
		C6DDD74C2C936DAF000BE2A4 /* Build configuration list for PBXNativeTarget "SkateConnectUITests" */ = {
			isa = XCConfigurationList;
			buildConfigurations = (
				C6DDD74D2C936DAF000BE2A4 /* Debug */,
				C6DDD74E2C936DAF000BE2A4 /* Release */,
			);
			defaultConfigurationIsVisible = 0;
			defaultConfigurationName = Release;
		};
/* End XCConfigurationList section */

/* Begin XCRemoteSwiftPackageReference section */
		C668FC472C967A9600612BEA /* XCRemoteSwiftPackageReference "solana-swift" */ = {
			isa = XCRemoteSwiftPackageReference;
			repositoryURL = "https://github.com/SkatePay/solana-swift";
			requirement = {
				branch = main;
				kind = branch;
			};
		};
		C668FC4D2C967AAA00612BEA /* XCRemoteSwiftPackageReference "keychain-swift" */ = {
			isa = XCRemoteSwiftPackageReference;
			repositoryURL = "https://github.com/evgenyneu/keychain-swift.git";
			requirement = {
				kind = upToNextMajorVersion;
				minimumVersion = 24.0.0;
			};
		};
		C668FC562C967D6A00612BEA /* XCRemoteSwiftPackageReference "MessageKit" */ = {
			isa = XCRemoteSwiftPackageReference;
			repositoryURL = "https://github.com/MessageKit/MessageKit.git";
			requirement = {
				kind = upToNextMajorVersion;
				minimumVersion = 4.2.0;
			};
		};
		C66AFE7F2CA61671000CD716 /* XCRemoteSwiftPackageReference "aws-sdk-swift" */ = {
			isa = XCRemoteSwiftPackageReference;
			repositoryURL = "https://github.com/awslabs/aws-sdk-swift.git";
			requirement = {
				kind = upToNextMajorVersion;
				minimumVersion = 1.0.7;
			};
		};
		C66AFE8E2CA74DFB000CD716 /* XCRemoteSwiftPackageReference "Kingfisher" */ = {
			isa = XCRemoteSwiftPackageReference;
			repositoryURL = "https://github.com/onevcat/Kingfisher.git";
			requirement = {
				kind = upToNextMajorVersion;
				minimumVersion = 8.0.3;
			};
		};
		C6D1F2DA2C9FC3A700FF428F /* XCRemoteSwiftPackageReference "nostr-sdk-ios" */ = {
			isa = XCRemoteSwiftPackageReference;
			repositoryURL = "https://github.com/SkatePay/nostr-sdk-ios";
			requirement = {
				branch = "yurchenko/nip-28";
				kind = branch;
			};
		};
		C6DC04622CB4B930003FCA1B /* XCRemoteSwiftPackageReference "InputBarAccessoryView" */ = {
			isa = XCRemoteSwiftPackageReference;
			repositoryURL = "https://github.com/nathantannar4/InputBarAccessoryView.git";
			requirement = {
				kind = exactVersion;
				version = 6.3.0;
			};
		};
/* End XCRemoteSwiftPackageReference section */

/* Begin XCSwiftPackageProductDependency section */
		C668FC482C967A9600612BEA /* SolanaSwift */ = {
			isa = XCSwiftPackageProductDependency;
			package = C668FC472C967A9600612BEA /* XCRemoteSwiftPackageReference "solana-swift" */;
			productName = SolanaSwift;
		};
		C668FC4E2C967AAA00612BEA /* KeychainSwift */ = {
			isa = XCSwiftPackageProductDependency;
			package = C668FC4D2C967AAA00612BEA /* XCRemoteSwiftPackageReference "keychain-swift" */;
			productName = KeychainSwift;
		};
		C668FC512C967AB600612BEA /* NostrSDK */ = {
			isa = XCSwiftPackageProductDependency;
			productName = NostrSDK;
		};
		C668FC572C967D6A00612BEA /* MessageKit */ = {
			isa = XCSwiftPackageProductDependency;
			package = C668FC562C967D6A00612BEA /* XCRemoteSwiftPackageReference "MessageKit" */;
			productName = MessageKit;
		};
		C66AFE802CA61671000CD716 /* AWSCognitoIdentityProvider */ = {
			isa = XCSwiftPackageProductDependency;
			package = C66AFE7F2CA61671000CD716 /* XCRemoteSwiftPackageReference "aws-sdk-swift" */;
			productName = AWSCognitoIdentityProvider;
		};
		C66AFE822CA61671000CD716 /* AWSS3 */ = {
			isa = XCSwiftPackageProductDependency;
			package = C66AFE7F2CA61671000CD716 /* XCRemoteSwiftPackageReference "aws-sdk-swift" */;
			productName = AWSS3;
		};
		C66AFE8F2CA74DFB000CD716 /* Kingfisher */ = {
			isa = XCSwiftPackageProductDependency;
			package = C66AFE8E2CA74DFB000CD716 /* XCRemoteSwiftPackageReference "Kingfisher" */;
			productName = Kingfisher;
		};
		C69153CA2C9E27E80075ED6C /* NostrSDK */ = {
			isa = XCSwiftPackageProductDependency;
			productName = NostrSDK;
		};
		C69DC22B2C96121E00A7ED67 /* NostrSDK */ = {
			isa = XCSwiftPackageProductDependency;
			productName = NostrSDK;
		};
		C6D1F2DB2C9FC3A700FF428F /* NostrSDK */ = {
			isa = XCSwiftPackageProductDependency;
			package = C6D1F2DA2C9FC3A700FF428F /* XCRemoteSwiftPackageReference "nostr-sdk-ios" */;
			productName = NostrSDK;
		};
		C6DC04632CB4B930003FCA1B /* InputBarAccessoryView */ = {
			isa = XCSwiftPackageProductDependency;
			package = C6DC04622CB4B930003FCA1B /* XCRemoteSwiftPackageReference "InputBarAccessoryView" */;
			productName = InputBarAccessoryView;
		};
/* End XCSwiftPackageProductDependency section */
	};
	rootObject = C6DDD7182C936DAE000BE2A4 /* Project object */;
}
